PODS:
  - iOS-Slide-Menu (1.5)
  - TTTAttributedLabel (2.0.0)

DEPENDENCIES:
  - iOS-Slide-Menu (= 1.5)
  - TTTAttributedLabel (= 2.0.0)

SPEC REPOS:
  trunk:
    - iOS-Slide-Menu
    - TTTAttributedLabel

SPEC CHECKSUMS:
  iOS-Slide-Menu: 40b0cbd8916c42afc755f0869793cd09e7a32102
  TTTAttributedLabel: 8cffe8e127e4e82ff3af1e5386d4cd0ad000b656

PODFILE CHECKSUM: e3a9e8d7f41ba6e52963b114f410b302309e0142

COCOAPODS: 1.15.2
