PODS:
  - iOS-Slide-Menu (1.5)
  - SnapshotTesting (1.8.2)
  - TTTAttributedLabel (2.0.0)

DEPENDENCIES:
  - iOS-Slide-Menu (= 1.5)
  - SnapshotTesting (~> 1.8.1)
  - TTTAttributedLabel (= 2.0.0)

SPEC REPOS:
  trunk:
    - iOS-Slide-Menu
    - SnapshotTesting
    - TTTAttributedLabel

SPEC CHECKSUMS:
  iOS-Slide-Menu: 40b0cbd8916c42afc755f0869793cd09e7a32102
  SnapshotTesting: 38947050d13960d57a4a9c166fcf51bca7d56970
  TTTAttributedLabel: 8cffe8e127e4e82ff3af1e5386d4cd0ad000b656

PODFILE CHECKSUM: 9295496a4006d36c865699355cbf4bd512a7ec06

COCOAPODS: 1.15.2
