// !$*UTF8*$!
{
	archiveVersion = 1;
	classes = {
	};
	objectVersion = 56;
	objects = {

/* Begin PBXBuildFile section */
		0049F3282D2DB9E0002ABBFE /* LingvoAnalizilo.swift in Sources */ = {isa = PBXBuildFile; fileRef = 0049F3272D2DB9E0002ABBFE /* LingvoAnalizilo.swift */; };
		0049F32A2D2DBA23002ABBFE /* FakoAnalizilo.swift in Sources */ = {isa = PBXBuildFile; fileRef = 0049F3292D2DBA23002ABBFE /* FakoAnalizilo.swift */; };
		0049F32C2D2DBB67002ABBFE /* MallongogijAnalizilo.swift in Sources */ = {isa = PBXBuildFile; fileRef = 0049F32B2D2DBB67002ABBFE /* MallongogijAnalizilo.swift */; };
		0049F32E2D2DBDB7002ABBFE /* LiteroAnalizilo.swift in Sources */ = {isa = PBXBuildFile; fileRef = 0049F32D2D2DBDB7002ABBFE /* LiteroAnalizilo.swift */; };
		0049F3302D2DE65A002ABBFE /* LegiXMLon.swift in Sources */ = {isa = PBXBuildFile; fileRef = 0049F32F2D2DE65A002ABBFE /* LegiXMLon.swift */; };
		0049F3322D2F489A002ABBFE /* StiloAnalizilo.swift in Sources */ = {isa = PBXBuildFile; fileRef = 0049F3312D2F489A002ABBFE /* StiloAnalizilo.swift */; };
		0049F33D2D2F4BD6002ABBFE /* LingvoAnalizilo2.swift in Sources */ = {isa = PBXBuildFile; fileRef = 0049F33C2D2F4BD6002ABBFE /* LingvoAnalizilo2.swift */; };
		0049F3432D2F5317002ABBFE /* ReVoModelojOSX.framework in Frameworks */ = {isa = PBXBuildFile; fileRef = 0049F3422D2F5317002ABBFE /* ReVoModelojOSX.framework */; };
		0049F3442D2F5317002ABBFE /* ReVoModelojOSX.framework in Embed Frameworks */ = {isa = PBXBuildFile; fileRef = 0049F3422D2F5317002ABBFE /* ReVoModelojOSX.framework */; settings = {ATTRIBUTES = (CodeSignOnCopy, RemoveHeadersOnCopy, ); }; };
		0049F34B2D302E93002ABBFE /* FakoAnalizilo2.swift in Sources */ = {isa = PBXBuildFile; fileRef = 0049F34A2D302E93002ABBFE /* FakoAnalizilo2.swift */; };
		0049F34D2D3030B9002ABBFE /* MallongigoAnalizilo2.swift in Sources */ = {isa = PBXBuildFile; fileRef = 0049F34C2D3030B9002ABBFE /* MallongigoAnalizilo2.swift */; };
		0049F34F2D30316E002ABBFE /* StiloAnalizilo2.swift in Sources */ = {isa = PBXBuildFile; fileRef = 0049F34E2D30316E002ABBFE /* StiloAnalizilo2.swift */; };
		0049F3512D303383002ABBFE /* OficialecoAnalizilo.swift in Sources */ = {isa = PBXBuildFile; fileRef = 0049F3502D303383002ABBFE /* OficialecoAnalizilo.swift */; };
		00BE1AD82D24B7450027BC22 /* main.swift in Sources */ = {isa = PBXBuildFile; fileRef = 00BE1AD72D24B7450027BC22 /* main.swift */; };
/* End PBXBuildFile section */

/* Begin PBXCopyFilesBuildPhase section */
		0049F3452D2F5318002ABBFE /* Embed Frameworks */ = {
			isa = PBXCopyFilesBuildPhase;
			buildActionMask = 2147483647;
			dstPath = "";
			dstSubfolderSpec = 10;
			files = (
				0049F3442D2F5317002ABBFE /* ReVoModelojOSX.framework in Embed Frameworks */,
			);
			name = "Embed Frameworks";
			runOnlyForDeploymentPostprocessing = 0;
		};
		00BE1AD22D24B7450027BC22 /* CopyFiles */ = {
			isa = PBXCopyFilesBuildPhase;
			buildActionMask = 2147483647;
			dstPath = /usr/share/man/man1/;
			dstSubfolderSpec = 0;
			files = (
			);
			runOnlyForDeploymentPostprocessing = 1;
		};
/* End PBXCopyFilesBuildPhase section */

/* Begin PBXFileReference section */
		0049F3272D2DB9E0002ABBFE /* LingvoAnalizilo.swift */ = {isa = PBXFileReference; lastKnownFileType = sourcecode.swift; path = LingvoAnalizilo.swift; sourceTree = "<group>"; };
		0049F3292D2DBA23002ABBFE /* FakoAnalizilo.swift */ = {isa = PBXFileReference; lastKnownFileType = sourcecode.swift; path = FakoAnalizilo.swift; sourceTree = "<group>"; };
		0049F32B2D2DBB67002ABBFE /* MallongogijAnalizilo.swift */ = {isa = PBXFileReference; lastKnownFileType = sourcecode.swift; path = MallongogijAnalizilo.swift; sourceTree = "<group>"; };
		0049F32D2D2DBDB7002ABBFE /* LiteroAnalizilo.swift */ = {isa = PBXFileReference; lastKnownFileType = sourcecode.swift; path = LiteroAnalizilo.swift; sourceTree = "<group>"; };
		0049F32F2D2DE65A002ABBFE /* LegiXMLon.swift */ = {isa = PBXFileReference; lastKnownFileType = sourcecode.swift; path = LegiXMLon.swift; sourceTree = "<group>"; };
		0049F3312D2F489A002ABBFE /* StiloAnalizilo.swift */ = {isa = PBXFileReference; lastKnownFileType = sourcecode.swift; path = StiloAnalizilo.swift; sourceTree = "<group>"; };
		0049F33C2D2F4BD6002ABBFE /* LingvoAnalizilo2.swift */ = {isa = PBXFileReference; lastKnownFileType = sourcecode.swift; path = LingvoAnalizilo2.swift; sourceTree = "<group>"; };
		0049F3422D2F5317002ABBFE /* ReVoModelojOSX.framework */ = {isa = PBXFileReference; explicitFileType = wrapper.framework; path = ReVoModelojOSX.framework; sourceTree = BUILT_PRODUCTS_DIR; };
		0049F34A2D302E93002ABBFE /* FakoAnalizilo2.swift */ = {isa = PBXFileReference; lastKnownFileType = sourcecode.swift; path = FakoAnalizilo2.swift; sourceTree = "<group>"; };
		0049F34C2D3030B9002ABBFE /* MallongigoAnalizilo2.swift */ = {isa = PBXFileReference; lastKnownFileType = sourcecode.swift; path = MallongigoAnalizilo2.swift; sourceTree = "<group>"; };
		0049F34E2D30316E002ABBFE /* StiloAnalizilo2.swift */ = {isa = PBXFileReference; lastKnownFileType = sourcecode.swift; path = StiloAnalizilo2.swift; sourceTree = "<group>"; };
		0049F3502D303383002ABBFE /* OficialecoAnalizilo.swift */ = {isa = PBXFileReference; lastKnownFileType = sourcecode.swift; path = OficialecoAnalizilo.swift; sourceTree = "<group>"; };
		00BE1AD42D24B7450027BC22 /* DatumbazFarilo */ = {isa = PBXFileReference; explicitFileType = "compiled.mach-o.executable"; includeInIndex = 0; path = DatumbazFarilo; sourceTree = BUILT_PRODUCTS_DIR; };
		00BE1AD72D24B7450027BC22 /* main.swift */ = {isa = PBXFileReference; lastKnownFileType = sourcecode.swift; path = main.swift; sourceTree = "<group>"; };
/* End PBXFileReference section */

/* Begin PBXFrameworksBuildPhase section */
		00BE1AD12D24B7450027BC22 /* Frameworks */ = {
			isa = PBXFrameworksBuildPhase;
			buildActionMask = 2147483647;
			files = (
				0049F3432D2F5317002ABBFE /* ReVoModelojOSX.framework in Frameworks */,
			);
			runOnlyForDeploymentPostprocessing = 0;
		};
/* End PBXFrameworksBuildPhase section */

/* Begin PBXGroup section */
		0049F3392D2F4B99002ABBFE /* Analiziloj 2 */ = {
			isa = PBXGroup;
			children = (
				0049F33C2D2F4BD6002ABBFE /* LingvoAnalizilo2.swift */,
				0049F34A2D302E93002ABBFE /* FakoAnalizilo2.swift */,
				0049F34C2D3030B9002ABBFE /* MallongigoAnalizilo2.swift */,
				0049F34E2D30316E002ABBFE /* StiloAnalizilo2.swift */,
				0049F3502D303383002ABBFE /* OficialecoAnalizilo.swift */,
			);
			path = "Analiziloj 2";
			sourceTree = "<group>";
		};
		0049F3412D2F5317002ABBFE /* Frameworks */ = {
			isa = PBXGroup;
			children = (
				0049F3422D2F5317002ABBFE /* ReVoModelojOSX.framework */,
			);
			name = Frameworks;
			sourceTree = "<group>";
		};
		00BE1ACB2D24B7450027BC22 = {
			isa = PBXGroup;
			children = (
				00BE1AD62D24B7450027BC22 /* DatumbazFarilo */,
				00BE1AD52D24B7450027BC22 /* Products */,
				0049F3412D2F5317002ABBFE /* Frameworks */,
			);
			sourceTree = "<group>";
		};
		00BE1AD52D24B7450027BC22 /* Products */ = {
			isa = PBXGroup;
			children = (
				00BE1AD42D24B7450027BC22 /* DatumbazFarilo */,
			);
			name = Products;
			sourceTree = "<group>";
		};
		00BE1AD62D24B7450027BC22 /* DatumbazFarilo */ = {
			isa = PBXGroup;
			children = (
				00BE1ADF2D24B7B60027BC22 /* Analiziloj */,
				0049F3392D2F4B99002ABBFE /* Analiziloj 2 */,
				00BE1ADE2D24B7570027BC22 /* Modeloj */,
				0049F32F2D2DE65A002ABBFE /* LegiXMLon.swift */,
				00BE1AD72D24B7450027BC22 /* main.swift */,
			);
			path = DatumbazFarilo;
			sourceTree = "<group>";
		};
		00BE1ADE2D24B7570027BC22 /* Modeloj */ = {
			isa = PBXGroup;
			children = (
			);
			path = Modeloj;
			sourceTree = "<group>";
		};
		00BE1ADF2D24B7B60027BC22 /* Analiziloj */ = {
			isa = PBXGroup;
			children = (
				0049F3272D2DB9E0002ABBFE /* LingvoAnalizilo.swift */,
				0049F3292D2DBA23002ABBFE /* FakoAnalizilo.swift */,
				0049F32B2D2DBB67002ABBFE /* MallongogijAnalizilo.swift */,
				0049F32D2D2DBDB7002ABBFE /* LiteroAnalizilo.swift */,
				0049F3312D2F489A002ABBFE /* StiloAnalizilo.swift */,
			);
			path = Analiziloj;
			sourceTree = "<group>";
		};
/* End PBXGroup section */

/* Begin PBXNativeTarget section */
		00BE1AD32D24B7450027BC22 /* DatumbazFarilo */ = {
			isa = PBXNativeTarget;
			buildConfigurationList = 00BE1ADB2D24B7450027BC22 /* Build configuration list for PBXNativeTarget "DatumbazFarilo" */;
			buildPhases = (
				00BE1AD02D24B7450027BC22 /* Sources */,
				00BE1AD12D24B7450027BC22 /* Frameworks */,
				00BE1AD22D24B7450027BC22 /* CopyFiles */,
				0049F3452D2F5318002ABBFE /* Embed Frameworks */,
			);
			buildRules = (
			);
			dependencies = (
			);
			name = DatumbazFarilo;
			productName = DatumbazFarilo;
			productReference = 00BE1AD42D24B7450027BC22 /* DatumbazFarilo */;
			productType = "com.apple.product-type.tool";
		};
/* End PBXNativeTarget section */

/* Begin PBXProject section */
		00BE1ACC2D24B7450027BC22 /* Project object */ = {
			isa = PBXProject;
			attributes = {
				BuildIndependentTargetsInParallel = 1;
				LastSwiftUpdateCheck = 1540;
				LastUpgradeCheck = 1540;
				TargetAttributes = {
					00BE1AD32D24B7450027BC22 = {
						CreatedOnToolsVersion = 15.4;
					};
				};
			};
			buildConfigurationList = 00BE1ACF2D24B7450027BC22 /* Build configuration list for PBXProject "DatumbazFarilo" */;
			compatibilityVersion = "Xcode 14.0";
			developmentRegion = en;
			hasScannedForEncodings = 0;
			knownRegions = (
				en,
				Base,
			);
			mainGroup = 00BE1ACB2D24B7450027BC22;
			productRefGroup = 00BE1AD52D24B7450027BC22 /* Products */;
			projectDirPath = "";
			projectRoot = "";
			targets = (
				00BE1AD32D24B7450027BC22 /* DatumbazFarilo */,
			);
		};
/* End PBXProject section */

/* Begin PBXSourcesBuildPhase section */
		00BE1AD02D24B7450027BC22 /* Sources */ = {
			isa = PBXSourcesBuildPhase;
			buildActionMask = 2147483647;
			files = (
				0049F32E2D2DBDB7002ABBFE /* LiteroAnalizilo.swift in Sources */,
				0049F3512D303383002ABBFE /* OficialecoAnalizilo.swift in Sources */,
				0049F3302D2DE65A002ABBFE /* LegiXMLon.swift in Sources */,
				0049F32A2D2DBA23002ABBFE /* FakoAnalizilo.swift in Sources */,
				0049F34B2D302E93002ABBFE /* FakoAnalizilo2.swift in Sources */,
				0049F3322D2F489A002ABBFE /* StiloAnalizilo.swift in Sources */,
				0049F34F2D30316E002ABBFE /* StiloAnalizilo2.swift in Sources */,
				0049F3282D2DB9E0002ABBFE /* LingvoAnalizilo.swift in Sources */,
				0049F33D2D2F4BD6002ABBFE /* LingvoAnalizilo2.swift in Sources */,
				00BE1AD82D24B7450027BC22 /* main.swift in Sources */,
				0049F32C2D2DBB67002ABBFE /* MallongogijAnalizilo.swift in Sources */,
				0049F34D2D3030B9002ABBFE /* MallongigoAnalizilo2.swift in Sources */,
			);
			runOnlyForDeploymentPostprocessing = 0;
		};
/* End PBXSourcesBuildPhase section */

/* Begin XCBuildConfiguration section */
		00BE1AD92D24B7450027BC22 /* Debug */ = {
			isa = XCBuildConfiguration;
			buildSettings = {
				ALWAYS_SEARCH_USER_PATHS = NO;
				ASSETCATALOG_COMPILER_GENERATE_SWIFT_ASSET_SYMBOL_EXTENSIONS = YES;
				CLANG_ANALYZER_NONNULL = YES;
				CLANG_ANALYZER_NUMBER_OBJECT_CONVERSION = YES_AGGRESSIVE;
				CLANG_CXX_LANGUAGE_STANDARD = "gnu++20";
				CLANG_ENABLE_MODULES = YES;
				CLANG_ENABLE_OBJC_ARC = YES;
				CLANG_ENABLE_OBJC_WEAK = YES;
				CLANG_WARN_BLOCK_CAPTURE_AUTORELEASING = YES;
				CLANG_WARN_BOOL_CONVERSION = YES;
				CLANG_WARN_COMMA = YES;
				CLANG_WARN_CONSTANT_CONVERSION = YES;
				CLANG_WARN_DEPRECATED_OBJC_IMPLEMENTATIONS = YES;
				CLANG_WARN_DIRECT_OBJC_ISA_USAGE = YES_ERROR;
				CLANG_WARN_DOCUMENTATION_COMMENTS = YES;
				CLANG_WARN_EMPTY_BODY = YES;
				CLANG_WARN_ENUM_CONVERSION = YES;
				CLANG_WARN_INFINITE_RECURSION = YES;
				CLANG_WARN_INT_CONVERSION = YES;
				CLANG_WARN_NON_LITERAL_NULL_CONVERSION = YES;
				CLANG_WARN_OBJC_IMPLICIT_RETAIN_SELF = YES;
				CLANG_WARN_OBJC_LITERAL_CONVERSION = YES;
				CLANG_WARN_OBJC_ROOT_CLASS = YES_ERROR;
				CLANG_WARN_QUOTED_INCLUDE_IN_FRAMEWORK_HEADER = YES;
				CLANG_WARN_RANGE_LOOP_ANALYSIS = YES;
				CLANG_WARN_STRICT_PROTOTYPES = YES;
				CLANG_WARN_SUSPICIOUS_MOVE = YES;
				CLANG_WARN_UNGUARDED_AVAILABILITY = YES_AGGRESSIVE;
				CLANG_WARN_UNREACHABLE_CODE = YES;
				CLANG_WARN__DUPLICATE_METHOD_MATCH = YES;
				COPY_PHASE_STRIP = NO;
				DEBUG_INFORMATION_FORMAT = dwarf;
				ENABLE_STRICT_OBJC_MSGSEND = YES;
				ENABLE_TESTABILITY = YES;
				ENABLE_USER_SCRIPT_SANDBOXING = YES;
				GCC_C_LANGUAGE_STANDARD = gnu17;
				GCC_DYNAMIC_NO_PIC = NO;
				GCC_NO_COMMON_BLOCKS = YES;
				GCC_OPTIMIZATION_LEVEL = 0;
				GCC_PREPROCESSOR_DEFINITIONS = (
					"DEBUG=1",
					"$(inherited)",
				);
				GCC_WARN_64_TO_32_BIT_CONVERSION = YES;
				GCC_WARN_ABOUT_RETURN_TYPE = YES_ERROR;
				GCC_WARN_UNDECLARED_SELECTOR = YES;
				GCC_WARN_UNINITIALIZED_AUTOS = YES_AGGRESSIVE;
				GCC_WARN_UNUSED_FUNCTION = YES;
				GCC_WARN_UNUSED_VARIABLE = YES;
				LOCALIZATION_PREFERS_STRING_CATALOGS = YES;
				MACOSX_DEPLOYMENT_TARGET = 14.5;
				MTL_ENABLE_DEBUG_INFO = INCLUDE_SOURCE;
				MTL_FAST_MATH = YES;
				ONLY_ACTIVE_ARCH = YES;
				SDKROOT = macosx;
				SWIFT_ACTIVE_COMPILATION_CONDITIONS = "DEBUG $(inherited)";
				SWIFT_OPTIMIZATION_LEVEL = "-Onone";
			};
			name = Debug;
		};
		00BE1ADA2D24B7450027BC22 /* Release */ = {
			isa = XCBuildConfiguration;
			buildSettings = {
				ALWAYS_SEARCH_USER_PATHS = NO;
				ASSETCATALOG_COMPILER_GENERATE_SWIFT_ASSET_SYMBOL_EXTENSIONS = YES;
				CLANG_ANALYZER_NONNULL = YES;
				CLANG_ANALYZER_NUMBER_OBJECT_CONVERSION = YES_AGGRESSIVE;
				CLANG_CXX_LANGUAGE_STANDARD = "gnu++20";
				CLANG_ENABLE_MODULES = YES;
				CLANG_ENABLE_OBJC_ARC = YES;
				CLANG_ENABLE_OBJC_WEAK = YES;
				CLANG_WARN_BLOCK_CAPTURE_AUTORELEASING = YES;
				CLANG_WARN_BOOL_CONVERSION = YES;
				CLANG_WARN_COMMA = YES;
				CLANG_WARN_CONSTANT_CONVERSION = YES;
				CLANG_WARN_DEPRECATED_OBJC_IMPLEMENTATIONS = YES;
				CLANG_WARN_DIRECT_OBJC_ISA_USAGE = YES_ERROR;
				CLANG_WARN_DOCUMENTATION_COMMENTS = YES;
				CLANG_WARN_EMPTY_BODY = YES;
				CLANG_WARN_ENUM_CONVERSION = YES;
				CLANG_WARN_INFINITE_RECURSION = YES;
				CLANG_WARN_INT_CONVERSION = YES;
				CLANG_WARN_NON_LITERAL_NULL_CONVERSION = YES;
				CLANG_WARN_OBJC_IMPLICIT_RETAIN_SELF = YES;
				CLANG_WARN_OBJC_LITERAL_CONVERSION = YES;
				CLANG_WARN_OBJC_ROOT_CLASS = YES_ERROR;
				CLANG_WARN_QUOTED_INCLUDE_IN_FRAMEWORK_HEADER = YES;
				CLANG_WARN_RANGE_LOOP_ANALYSIS = YES;
				CLANG_WARN_STRICT_PROTOTYPES = YES;
				CLANG_WARN_SUSPICIOUS_MOVE = YES;
				CLANG_WARN_UNGUARDED_AVAILABILITY = YES_AGGRESSIVE;
				CLANG_WARN_UNREACHABLE_CODE = YES;
				CLANG_WARN__DUPLICATE_METHOD_MATCH = YES;
				COPY_PHASE_STRIP = NO;
				DEBUG_INFORMATION_FORMAT = "dwarf-with-dsym";
				ENABLE_NS_ASSERTIONS = NO;
				ENABLE_STRICT_OBJC_MSGSEND = YES;
				ENABLE_USER_SCRIPT_SANDBOXING = YES;
				GCC_C_LANGUAGE_STANDARD = gnu17;
				GCC_NO_COMMON_BLOCKS = YES;
				GCC_WARN_64_TO_32_BIT_CONVERSION = YES;
				GCC_WARN_ABOUT_RETURN_TYPE = YES_ERROR;
				GCC_WARN_UNDECLARED_SELECTOR = YES;
				GCC_WARN_UNINITIALIZED_AUTOS = YES_AGGRESSIVE;
				GCC_WARN_UNUSED_FUNCTION = YES;
				GCC_WARN_UNUSED_VARIABLE = YES;
				LOCALIZATION_PREFERS_STRING_CATALOGS = YES;
				MACOSX_DEPLOYMENT_TARGET = 14.5;
				MTL_ENABLE_DEBUG_INFO = NO;
				MTL_FAST_MATH = YES;
				SDKROOT = macosx;
				SWIFT_COMPILATION_MODE = wholemodule;
			};
			name = Release;
		};
		00BE1ADC2D24B7450027BC22 /* Debug */ = {
			isa = XCBuildConfiguration;
			buildSettings = {
				"CODE_SIGN_IDENTITY[sdk=macosx*]" = "Apple Development";
				CODE_SIGN_STYLE = Automatic;
				DEVELOPMENT_TEAM = JZ3WYZWA8F;
				ENABLE_HARDENED_RUNTIME = YES;
				PRODUCT_BUNDLE_IDENTIFIER = inthescales.DatumbazFarilo;
				PRODUCT_NAME = "$(TARGET_NAME)";
				SWIFT_VERSION = 5.0;
			};
			name = Debug;
		};
		00BE1ADD2D24B7450027BC22 /* Release */ = {
			isa = XCBuildConfiguration;
			buildSettings = {
				"CODE_SIGN_IDENTITY[sdk=macosx*]" = "Apple Development";
				CODE_SIGN_STYLE = Automatic;
				DEVELOPMENT_TEAM = JZ3WYZWA8F;
				ENABLE_HARDENED_RUNTIME = YES;
				PRODUCT_BUNDLE_IDENTIFIER = inthescales.DatumbazFarilo;
				PRODUCT_NAME = "$(TARGET_NAME)";
				SWIFT_VERSION = 5.0;
			};
			name = Release;
		};
/* End XCBuildConfiguration section */

/* Begin XCConfigurationList section */
		00BE1ACF2D24B7450027BC22 /* Build configuration list for PBXProject "DatumbazFarilo" */ = {
			isa = XCConfigurationList;
			buildConfigurations = (
				00BE1AD92D24B7450027BC22 /* Debug */,
				00BE1ADA2D24B7450027BC22 /* Release */,
			);
			defaultConfigurationIsVisible = 0;
			defaultConfigurationName = Release;
		};
		00BE1ADB2D24B7450027BC22 /* Build configuration list for PBXNativeTarget "DatumbazFarilo" */ = {
			isa = XCConfigurationList;
			buildConfigurations = (
				00BE1ADC2D24B7450027BC22 /* Debug */,
				00BE1ADD2D24B7450027BC22 /* Release */,
			);
			defaultConfigurationIsVisible = 0;
			defaultConfigurationName = Release;
		};
/* End XCConfigurationList section */
	};
	rootObject = 00BE1ACC2D24B7450027BC22 /* Project object */;
}
