// !$*UTF8*$!
{
	archiveVersion = 1;
	classes = {
	};
	objectVersion = 56;
	objects = {

/* Begin PBXBuildFile section */
		0049F32E2D2DBDB7002ABBFE /* LiteroAnalizilo.swift in Sources */ = {isa = PBXBuildFile; fileRef = 0049F32D2D2DBDB7002ABBFE /* LiteroAnalizilo.swift */; };
		0049F33D2D2F4BD6002ABBFE /* LingvoAnalizilo.swift in Sources */ = {isa = PBXBuildFile; fileRef = 0049F33C2D2F4BD6002ABBFE /* LingvoAnalizilo.swift */; };
		0049F3432D2F5317002ABBFE /* ReVoModelojOSX.framework in Frameworks */ = {isa = PBXBuildFile; fileRef = 0049F3422D2F5317002ABBFE /* ReVoModelojOSX.framework */; };
		0049F3442D2F5317002ABBFE /* ReVoModelojOSX.framework in Embed Frameworks */ = {isa = PBXBuildFile; fileRef = 0049F3422D2F5317002ABBFE /* ReVoModelojOSX.framework */; settings = {ATTRIBUTES = (CodeSignOnCopy, RemoveHeadersOnCopy, ); }; };
		0049F34B2D302E93002ABBFE /* FakoAnalizilo.swift in Sources */ = {isa = PBXBuildFile; fileRef = 0049F34A2D302E93002ABBFE /* FakoAnalizilo.swift */; };
		0049F34D2D3030B9002ABBFE /* VortarajMallongigojAnalizilo.swift in Sources */ = {isa = PBXBuildFile; fileRef = 0049F34C2D3030B9002ABBFE /* VortarajMallongigojAnalizilo.swift */; };
		0049F34F2D30316E002ABBFE /* StiloAnalizilo.swift in Sources */ = {isa = PBXBuildFile; fileRef = 0049F34E2D30316E002ABBFE /* StiloAnalizilo.swift */; };
		0049F3512D303383002ABBFE /* Oficialecoj.swift in Sources */ = {isa = PBXBuildFile; fileRef = 0049F3502D303383002ABBFE /* Oficialecoj.swift */; };
		0049F3532D303970002ABBFE /* KreiDatumbazon.swift in Sources */ = {isa = PBXBuildFile; fileRef = 0049F3522D303970002ABBFE /* KreiDatumbazon.swift */; };
		0049F3552D304BF0002ABBFE /* ArtikolKonvertilo.swift in Sources */ = {isa = PBXBuildFile; fileRef = 0049F3542D304BF0002ABBFE /* ArtikolKonvertilo.swift */; };
		0049F3582D31F946002ABBFE /* ArtikolNodo.swift in Sources */ = {isa = PBXBuildFile; fileRef = 0049F3572D31F946002ABBFE /* ArtikolNodo.swift */; };
		0049F35A2D31F96C002ABBFE /* ArboAnalizilo.swift in Sources */ = {isa = PBXBuildFile; fileRef = 0049F3592D31F96C002ABBFE /* ArboAnalizilo.swift */; };
		0049F35C2D331458002ABBFE /* TekstHeliploj.swift in Sources */ = {isa = PBXBuildFile; fileRef = 0049F35B2D331458002ABBFE /* TekstHeliploj.swift */; };
		0049F35F2D331487002ABBFE /* TraktadoStato.swift in Sources */ = {isa = PBXBuildFile; fileRef = 0049F35E2D331487002ABBFE /* TraktadoStato.swift */; };
		0049F36A2D384D0A002ABBFE /* TrieFarilo.swift in Sources */ = {isa = PBXBuildFile; fileRef = 0049F3682D384D0A002ABBFE /* TrieFarilo.swift */; };
		0049F36B2D384D0A002ABBFE /* TekstFarilo.swift in Sources */ = {isa = PBXBuildFile; fileRef = 0049F3692D384D0A002ABBFE /* TekstFarilo.swift */; };
		0049F36D2D3ED0E3002ABBFE /* Posttraktado.swift in Sources */ = {isa = PBXBuildFile; fileRef = 0049F36C2D3ED0E3002ABBFE /* Posttraktado.swift */; };
		0049F39F2D41F450002ABBFE /* Artikolo+Printado.swift in Sources */ = {isa = PBXBuildFile; fileRef = 0049F39E2D41F450002ABBFE /* Artikolo+Printado.swift */; };
		0049F3A12D43C36F002ABBFE /* Antautraktado.swift in Sources */ = {isa = PBXBuildFile; fileRef = 0049F3A02D43C36F002ABBFE /* Antautraktado.swift */; };
		0049F3A32D5154FB002ABBFE /* DTDAnalizilo.swift in Sources */ = {isa = PBXBuildFile; fileRef = 0049F3A22D5154FB002ABBFE /* DTDAnalizilo.swift */; };
		0049F3A62D52A3FD002ABBFE /* NodTipo.swift in Sources */ = {isa = PBXBuildFile; fileRef = 0049F3A52D52A3FD002ABBFE /* NodTipo.swift */; };
		0049F3AA2D52A4B7002ABBFE /* ArtikolTraduko.swift in Sources */ = {isa = PBXBuildFile; fileRef = 0049F3A92D52A4B7002ABBFE /* ArtikolTraduko.swift */; };
		0049F3AC2D52A561002ABBFE /* SerchTraduko.swift in Sources */ = {isa = PBXBuildFile; fileRef = 0049F3AB2D52A561002ABBFE /* SerchTraduko.swift */; };
		0049F3B12D52A67C002ABBFE /* SubartikoloFabriko.swift in Sources */ = {isa = PBXBuildFile; fileRef = 0049F3B02D52A67C002ABBFE /* SubartikoloFabriko.swift */; };
		0049F3B32D52A6A2002ABBFE /* VortoFabriko.swift in Sources */ = {isa = PBXBuildFile; fileRef = 0049F3B22D52A6A2002ABBFE /* VortoFabriko.swift */; };
		0049F3B52D52A6C3002ABBFE /* ArtikolFabriko.swift in Sources */ = {isa = PBXBuildFile; fileRef = 0049F3B42D52A6C3002ABBFE /* ArtikolFabriko.swift */; };
		0049F3B82D52A9D2002ABBFE /* Interpreti.swift in Sources */ = {isa = PBXBuildFile; fileRef = 0049F3B72D52A9D2002ABBFE /* Interpreti.swift */; };
		0049F3BA2D52AE1F002ABBFE /* String+Aldonoj.swift in Sources */ = {isa = PBXBuildFile; fileRef = 0049F3B92D52AE1F002ABBFE /* String+Aldonoj.swift */; };
		0049F3BC2D53E27A002ABBFE /* SignoAnalizilo.swift in Sources */ = {isa = PBXBuildFile; fileRef = 0049F3BB2D53E27A002ABBFE /* SignoAnalizilo.swift */; };
		0049F3BE2D53EC2A002ABBFE /* Artikolaro.swift in Sources */ = {isa = PBXBuildFile; fileRef = 0049F3BD2D53EC2A002ABBFE /* Artikolaro.swift */; };
		0049F3C12D54315E002ABBFE /* TraktiPrononcon.swift in Sources */ = {isa = PBXBuildFile; fileRef = 0049F3C02D54315E002ABBFE /* TraktiPrononcon.swift */; };
		0049F3C32D5431CF002ABBFE /* TraktiKlarigon.swift in Sources */ = {isa = PBXBuildFile; fileRef = 0049F3C22D5431CF002ABBFE /* TraktiKlarigon.swift */; };
		0049F3C52D54329B002ABBFE /* TraktiIndekson.swift in Sources */ = {isa = PBXBuildFile; fileRef = 0049F3C42D54329B002ABBFE /* TraktiIndekson.swift */; };
		0049F3C82D5432B6002ABBFE /* TraktiTradukGrupon.swift in Sources */ = {isa = PBXBuildFile; fileRef = 0049F3C72D5432B6002ABBFE /* TraktiTradukGrupon.swift */; };
		0049F3CA2D5432CE002ABBFE /* TraktiTradukon.swift in Sources */ = {isa = PBXBuildFile; fileRef = 0049F3C92D5432CE002ABBFE /* TraktiTradukon.swift */; };
		0049F3CC2D5432E6002ABBFE /* TraktiURLon.swift in Sources */ = {isa = PBXBuildFile; fileRef = 0049F3CB2D5432E6002ABBFE /* TraktiURLon.swift */; };
		0049F3CE2D5432FF002ABBFE /* TraktiKomunlingvan.swift in Sources */ = {isa = PBXBuildFile; fileRef = 0049F3CD2D5432FF002ABBFE /* TraktiKomunlingvan.swift */; };
		0049F3D02D543320002ABBFE /* TraktiKursivan.swift in Sources */ = {isa = PBXBuildFile; fileRef = 0049F3CF2D543320002ABBFE /* TraktiKursivan.swift */; };
		0049F3D22D543331002ABBFE /* TraktiEscepton.swift in Sources */ = {isa = PBXBuildFile; fileRef = 0049F3D12D543331002ABBFE /* TraktiEscepton.swift */; };
		0049F3D42D54334E002ABBFE /* TraktiMallongigon.swift in Sources */ = {isa = PBXBuildFile; fileRef = 0049F3D32D54334E002ABBFE /* TraktiMallongigon.swift */; };
		0049F3D62D552A34002ABBFE /* TraktiMisstilan.swift in Sources */ = {isa = PBXBuildFile; fileRef = 0049F3D52D552A34002ABBFE /* TraktiMisstilan.swift */; };
		0049F3D82D552A56002ABBFE /* TraktiUzon.swift in Sources */ = {isa = PBXBuildFile; fileRef = 0049F3D72D552A56002ABBFE /* TraktiUzon.swift */; };
		0049F3DA2D552A67002ABBFE /* TraktiTrastrekitan.swift in Sources */ = {isa = PBXBuildFile; fileRef = 0049F3D92D552A67002ABBFE /* TraktiTrastrekitan.swift */; };
		0049F3DC2D552A87002ABBFE /* TraktiTildon.swift in Sources */ = {isa = PBXBuildFile; fileRef = 0049F3DB2D552A87002ABBFE /* TraktiTildon.swift */; };
		0049F3DE2D552A9C002ABBFE /* TraktiSencReferencon.swift in Sources */ = {isa = PBXBuildFile; fileRef = 0049F3DD2D552A9C002ABBFE /* TraktiSencReferencon.swift */; };
		0049F3E02D552AB9002ABBFE /* TraktiListReferencon.swift in Sources */ = {isa = PBXBuildFile; fileRef = 0049F3DF2D552AB9002ABBFE /* TraktiListReferencon.swift */; };
		0049F3E22D552ACE002ABBFE /* TraktiReferencGrupon.swift in Sources */ = {isa = PBXBuildFile; fileRef = 0049F3E12D552ACE002ABBFE /* TraktiReferencGrupon.swift */; };
		0049F3E42D552AE1002ABBFE /* TraktiReferencon.swift in Sources */ = {isa = PBXBuildFile; fileRef = 0049F3E32D552AE1002ABBFE /* TraktiReferencon.swift */; };
		0049F3E62D552AF4002ABBFE /* TraktiNacilingvan.swift in Sources */ = {isa = PBXBuildFile; fileRef = 0049F3E52D552AF4002ABBFE /* TraktiNacilingvan.swift */; };
		0049F3E82D552B07002ABBFE /* TraktiNomon.swift in Sources */ = {isa = PBXBuildFile; fileRef = 0049F3E72D552B07002ABBFE /* TraktiNomon.swift */; };
		0049F3EA2D552B1B002ABBFE /* TraktiAltigitan.swift in Sources */ = {isa = PBXBuildFile; fileRef = 0049F3E92D552B1B002ABBFE /* TraktiAltigitan.swift */; };
		0049F3EC2D552B2D002ABBFE /* TraktiIndicon.swift in Sources */ = {isa = PBXBuildFile; fileRef = 0049F3EB2D552B2D002ABBFE /* TraktiIndicon.swift */; };
		0049F3EE2D552B4E002ABBFE /* TraktiFormulon.swift in Sources */ = {isa = PBXBuildFile; fileRef = 0049F3ED2D552B4E002ABBFE /* TraktiFormulon.swift */; };
		0049F3F02D552B5E002ABBFE /* TraktiEmfazon.swift in Sources */ = {isa = PBXBuildFile; fileRef = 0049F3EF2D552B5E002ABBFE /* TraktiEmfazon.swift */; };
		0049F3F22D552B71002ABBFE /* TraktiCitilon.swift in Sources */ = {isa = PBXBuildFile; fileRef = 0049F3F12D552B71002ABBFE /* TraktiCitilon.swift */; };
		0049F3F42D552B80002ABBFE /* TraktiRimarkon.swift in Sources */ = {isa = PBXBuildFile; fileRef = 0049F3F32D552B80002ABBFE /* TraktiRimarkon.swift */; };
		0049F3F62D552B96002ABBFE /* TraktiEkzemplon.swift in Sources */ = {isa = PBXBuildFile; fileRef = 0049F3F52D552B96002ABBFE /* TraktiEkzemplon.swift */; };
		0049F3F82D552BA8002ABBFE /* TraktiDifinon.swift in Sources */ = {isa = PBXBuildFile; fileRef = 0049F3F72D552BA8002ABBFE /* TraktiDifinon.swift */; };
		0049F3FA2D552BBB002ABBFE /* TraktiSubsencon.swift in Sources */ = {isa = PBXBuildFile; fileRef = 0049F3F92D552BBB002ABBFE /* TraktiSubsencon.swift */; };
		0049F3FC2D552BCE002ABBFE /* TraktiSencon.swift in Sources */ = {isa = PBXBuildFile; fileRef = 0049F3FB2D552BCE002ABBFE /* TraktiSencon.swift */; };
		0049F3FE2D552BE2002ABBFE /* TraktiSubderivajhon.swift in Sources */ = {isa = PBXBuildFile; fileRef = 0049F3FD2D552BE2002ABBFE /* TraktiSubderivajhon.swift */; };
		0049F4002D552BF5002ABBFE /* TraktiVortSpecon.swift in Sources */ = {isa = PBXBuildFile; fileRef = 0049F3FF2D552BF5002ABBFE /* TraktiVortSpecon.swift */; };
		0049F4022D552C0F002ABBFE /* TraktiGramatikon.swift in Sources */ = {isa = PBXBuildFile; fileRef = 0049F4012D552C0F002ABBFE /* TraktiGramatikon.swift */; };
		0049F4042D552C24002ABBFE /* TraktiGrasan.swift in Sources */ = {isa = PBXBuildFile; fileRef = 0049F4032D552C24002ABBFE /* TraktiGrasan.swift */; };
		0049F4062D552C37002ABBFE /* TraktiDerivajhon.swift in Sources */ = {isa = PBXBuildFile; fileRef = 0049F4052D552C37002ABBFE /* TraktiDerivajhon.swift */; };
		0049F4082D552C4A002ABBFE /* TraktiOficialecon.swift in Sources */ = {isa = PBXBuildFile; fileRef = 0049F4072D552C4A002ABBFE /* TraktiOficialecon.swift */; };
		0049F40A2D552C5A002ABBFE /* TraktiRadikon.swift in Sources */ = {isa = PBXBuildFile; fileRef = 0049F4092D552C5A002ABBFE /* TraktiRadikon.swift */; };
		0049F40C2D552C6B002ABBFE /* TraktiVariajhon.swift in Sources */ = {isa = PBXBuildFile; fileRef = 0049F40B2D552C6B002ABBFE /* TraktiVariajhon.swift */; };
		0049F40E2D552C7F002ABBFE /* TraktiKapon.swift in Sources */ = {isa = PBXBuildFile; fileRef = 0049F40D2D552C7F002ABBFE /* TraktiKapon.swift */; };
		0049F4102D552C93002ABBFE /* TraktiSubartikolon.swift in Sources */ = {isa = PBXBuildFile; fileRef = 0049F40F2D552C93002ABBFE /* TraktiSubartikolon.swift */; };
		0049F4122D552CA5002ABBFE /* TraktiArtikolon.swift in Sources */ = {isa = PBXBuildFile; fileRef = 0049F4112D552CA5002ABBFE /* TraktiArtikolon.swift */; };
		0049F4142D552CBA002ABBFE /* TraktiVortaron.swift in Sources */ = {isa = PBXBuildFile; fileRef = 0049F4132D552CBA002ABBFE /* TraktiVortaron.swift */; };
		0049F4162D57FE78002ABBFE /* TraktiAutoron.swift in Sources */ = {isa = PBXBuildFile; fileRef = 0049F4152D57FE78002ABBFE /* TraktiAutoron.swift */; };
		0049F41E2D5927E2002ABBFE /* DatumbazFariloTestoj.swift in Sources */ = {isa = PBXBuildFile; fileRef = 0049F41D2D5927E2002ABBFE /* DatumbazFariloTestoj.swift */; };
		0049F4292D592B99002ABBFE /* not.xml in Resources */ = {isa = PBXBuildFile; fileRef = 0049F4282D592B99002ABBFE /* not.xml */; };
		0049F42C2D5931CF002ABBFE /* GrundoAlJSON.swift in Sources */ = {isa = PBXBuildFile; fileRef = 0049F42B2D5931CF002ABBFE /* GrundoAlJSON.swift */; };
		0049F43B2D5939AA002ABBFE /* lingvoj.json in Resources */ = {isa = PBXBuildFile; fileRef = 0049F4352D5939AA002ABBFE /* lingvoj.json */; };
		0049F43C2D5939AA002ABBFE /* mallongigoj.json in Resources */ = {isa = PBXBuildFile; fileRef = 0049F4362D5939AA002ABBFE /* mallongigoj.json */; };
		0049F43D2D5939AA002ABBFE /* stiloj.json in Resources */ = {isa = PBXBuildFile; fileRef = 0049F4372D5939AA002ABBFE /* stiloj.json */; };
		0049F43E2D5939AA002ABBFE /* urloj.json in Resources */ = {isa = PBXBuildFile; fileRef = 0049F4382D5939AA002ABBFE /* urloj.json */; };
		0049F43F2D5939AA002ABBFE /* signoj.json in Resources */ = {isa = PBXBuildFile; fileRef = 0049F4392D5939AA002ABBFE /* signoj.json */; };
		0049F4402D5939AA002ABBFE /* fakoj.json in Resources */ = {isa = PBXBuildFile; fileRef = 0049F43A2D5939AA002ABBFE /* fakoj.json */; };
		00BE1AD82D24B7450027BC22 /* main.swift in Sources */ = {isa = PBXBuildFile; fileRef = 00BE1AD72D24B7450027BC22 /* main.swift */; };
/* End PBXBuildFile section */

/* Begin PBXCopyFilesBuildPhase section */
		0049F3452D2F5318002ABBFE /* Embed Frameworks */ = {
			isa = PBXCopyFilesBuildPhase;
			buildActionMask = 2147483647;
			dstPath = "";
			dstSubfolderSpec = 10;
			files = (
				0049F3442D2F5317002ABBFE /* ReVoModelojOSX.framework in Embed Frameworks */,
			);
			name = "Embed Frameworks";
			runOnlyForDeploymentPostprocessing = 0;
		};
		00BE1AD22D24B7450027BC22 /* CopyFiles */ = {
			isa = PBXCopyFilesBuildPhase;
			buildActionMask = 2147483647;
			dstPath = /usr/share/man/man1/;
			dstSubfolderSpec = 0;
			files = (
			);
			runOnlyForDeploymentPostprocessing = 1;
		};
/* End PBXCopyFilesBuildPhase section */

/* Begin PBXFileReference section */
		0049F32D2D2DBDB7002ABBFE /* LiteroAnalizilo.swift */ = {isa = PBXFileReference; lastKnownFileType = sourcecode.swift; path = LiteroAnalizilo.swift; sourceTree = "<group>"; };
		0049F33C2D2F4BD6002ABBFE /* LingvoAnalizilo.swift */ = {isa = PBXFileReference; lastKnownFileType = sourcecode.swift; path = LingvoAnalizilo.swift; sourceTree = "<group>"; };
		0049F3422D2F5317002ABBFE /* ReVoModelojOSX.framework */ = {isa = PBXFileReference; explicitFileType = wrapper.framework; path = ReVoModelojOSX.framework; sourceTree = BUILT_PRODUCTS_DIR; };
		0049F34A2D302E93002ABBFE /* FakoAnalizilo.swift */ = {isa = PBXFileReference; lastKnownFileType = sourcecode.swift; path = FakoAnalizilo.swift; sourceTree = "<group>"; };
		0049F34C2D3030B9002ABBFE /* VortarajMallongigojAnalizilo.swift */ = {isa = PBXFileReference; lastKnownFileType = sourcecode.swift; path = VortarajMallongigojAnalizilo.swift; sourceTree = "<group>"; };
		0049F34E2D30316E002ABBFE /* StiloAnalizilo.swift */ = {isa = PBXFileReference; lastKnownFileType = sourcecode.swift; path = StiloAnalizilo.swift; sourceTree = "<group>"; };
		0049F3502D303383002ABBFE /* Oficialecoj.swift */ = {isa = PBXFileReference; lastKnownFileType = sourcecode.swift; path = Oficialecoj.swift; sourceTree = "<group>"; };
		0049F3522D303970002ABBFE /* KreiDatumbazon.swift */ = {isa = PBXFileReference; lastKnownFileType = sourcecode.swift; path = KreiDatumbazon.swift; sourceTree = "<group>"; };
		0049F3542D304BF0002ABBFE /* ArtikolKonvertilo.swift */ = {isa = PBXFileReference; lastKnownFileType = sourcecode.swift; path = ArtikolKonvertilo.swift; sourceTree = "<group>"; };
		0049F3572D31F946002ABBFE /* ArtikolNodo.swift */ = {isa = PBXFileReference; lastKnownFileType = sourcecode.swift; path = ArtikolNodo.swift; sourceTree = "<group>"; };
		0049F3592D31F96C002ABBFE /* ArboAnalizilo.swift */ = {isa = PBXFileReference; lastKnownFileType = sourcecode.swift; path = ArboAnalizilo.swift; sourceTree = "<group>"; };
		0049F35B2D331458002ABBFE /* TekstHeliploj.swift */ = {isa = PBXFileReference; lastKnownFileType = sourcecode.swift; path = TekstHeliploj.swift; sourceTree = "<group>"; };
		0049F35E2D331487002ABBFE /* TraktadoStato.swift */ = {isa = PBXFileReference; lastKnownFileType = sourcecode.swift; path = TraktadoStato.swift; sourceTree = "<group>"; };
		0049F3682D384D0A002ABBFE /* TrieFarilo.swift */ = {isa = PBXFileReference; fileEncoding = 4; lastKnownFileType = sourcecode.swift; path = TrieFarilo.swift; sourceTree = "<group>"; };
		0049F3692D384D0A002ABBFE /* TekstFarilo.swift */ = {isa = PBXFileReference; fileEncoding = 4; lastKnownFileType = sourcecode.swift; path = TekstFarilo.swift; sourceTree = "<group>"; };
		0049F36C2D3ED0E3002ABBFE /* Posttraktado.swift */ = {isa = PBXFileReference; lastKnownFileType = sourcecode.swift; path = Posttraktado.swift; sourceTree = "<group>"; };
		0049F39E2D41F450002ABBFE /* Artikolo+Printado.swift */ = {isa = PBXFileReference; lastKnownFileType = sourcecode.swift; path = "Artikolo+Printado.swift"; sourceTree = "<group>"; };
		0049F3A02D43C36F002ABBFE /* Antautraktado.swift */ = {isa = PBXFileReference; lastKnownFileType = sourcecode.swift; path = Antautraktado.swift; sourceTree = "<group>"; };
		0049F3A22D5154FB002ABBFE /* DTDAnalizilo.swift */ = {isa = PBXFileReference; lastKnownFileType = sourcecode.swift; path = DTDAnalizilo.swift; sourceTree = "<group>"; };
		0049F3A52D52A3FD002ABBFE /* NodTipo.swift */ = {isa = PBXFileReference; lastKnownFileType = sourcecode.swift; path = NodTipo.swift; sourceTree = "<group>"; };
		0049F3A92D52A4B7002ABBFE /* ArtikolTraduko.swift */ = {isa = PBXFileReference; lastKnownFileType = sourcecode.swift; path = ArtikolTraduko.swift; sourceTree = "<group>"; };
		0049F3AB2D52A561002ABBFE /* SerchTraduko.swift */ = {isa = PBXFileReference; lastKnownFileType = sourcecode.swift; path = SerchTraduko.swift; sourceTree = "<group>"; };
		0049F3B02D52A67C002ABBFE /* SubartikoloFabriko.swift */ = {isa = PBXFileReference; lastKnownFileType = sourcecode.swift; path = SubartikoloFabriko.swift; sourceTree = "<group>"; };
		0049F3B22D52A6A2002ABBFE /* VortoFabriko.swift */ = {isa = PBXFileReference; lastKnownFileType = sourcecode.swift; path = VortoFabriko.swift; sourceTree = "<group>"; };
		0049F3B42D52A6C3002ABBFE /* ArtikolFabriko.swift */ = {isa = PBXFileReference; lastKnownFileType = sourcecode.swift; path = ArtikolFabriko.swift; sourceTree = "<group>"; };
		0049F3B72D52A9D2002ABBFE /* Interpreti.swift */ = {isa = PBXFileReference; lastKnownFileType = sourcecode.swift; path = Interpreti.swift; sourceTree = "<group>"; };
		0049F3B92D52AE1F002ABBFE /* String+Aldonoj.swift */ = {isa = PBXFileReference; lastKnownFileType = sourcecode.swift; path = "String+Aldonoj.swift"; sourceTree = "<group>"; };
		0049F3BB2D53E27A002ABBFE /* SignoAnalizilo.swift */ = {isa = PBXFileReference; lastKnownFileType = sourcecode.swift; path = SignoAnalizilo.swift; sourceTree = "<group>"; };
		0049F3BD2D53EC2A002ABBFE /* Artikolaro.swift */ = {isa = PBXFileReference; lastKnownFileType = sourcecode.swift; path = Artikolaro.swift; sourceTree = "<group>"; };
		0049F3C02D54315E002ABBFE /* TraktiPrononcon.swift */ = {isa = PBXFileReference; lastKnownFileType = sourcecode.swift; path = TraktiPrononcon.swift; sourceTree = "<group>"; };
		0049F3C22D5431CF002ABBFE /* TraktiKlarigon.swift */ = {isa = PBXFileReference; lastKnownFileType = sourcecode.swift; path = TraktiKlarigon.swift; sourceTree = "<group>"; };
		0049F3C42D54329B002ABBFE /* TraktiIndekson.swift */ = {isa = PBXFileReference; lastKnownFileType = sourcecode.swift; path = TraktiIndekson.swift; sourceTree = "<group>"; };
		0049F3C72D5432B6002ABBFE /* TraktiTradukGrupon.swift */ = {isa = PBXFileReference; lastKnownFileType = sourcecode.swift; path = TraktiTradukGrupon.swift; sourceTree = "<group>"; };
		0049F3C92D5432CE002ABBFE /* TraktiTradukon.swift */ = {isa = PBXFileReference; lastKnownFileType = sourcecode.swift; path = TraktiTradukon.swift; sourceTree = "<group>"; };
		0049F3CB2D5432E6002ABBFE /* TraktiURLon.swift */ = {isa = PBXFileReference; lastKnownFileType = sourcecode.swift; path = TraktiURLon.swift; sourceTree = "<group>"; };
		0049F3CD2D5432FF002ABBFE /* TraktiKomunlingvan.swift */ = {isa = PBXFileReference; lastKnownFileType = sourcecode.swift; path = TraktiKomunlingvan.swift; sourceTree = "<group>"; };
		0049F3CF2D543320002ABBFE /* TraktiKursivan.swift */ = {isa = PBXFileReference; lastKnownFileType = sourcecode.swift; path = TraktiKursivan.swift; sourceTree = "<group>"; };
		0049F3D12D543331002ABBFE /* TraktiEscepton.swift */ = {isa = PBXFileReference; lastKnownFileType = sourcecode.swift; path = TraktiEscepton.swift; sourceTree = "<group>"; };
		0049F3D32D54334E002ABBFE /* TraktiMallongigon.swift */ = {isa = PBXFileReference; lastKnownFileType = sourcecode.swift; path = TraktiMallongigon.swift; sourceTree = "<group>"; };
		0049F3D52D552A34002ABBFE /* TraktiMisstilan.swift */ = {isa = PBXFileReference; lastKnownFileType = sourcecode.swift; path = TraktiMisstilan.swift; sourceTree = "<group>"; };
		0049F3D72D552A56002ABBFE /* TraktiUzon.swift */ = {isa = PBXFileReference; lastKnownFileType = sourcecode.swift; path = TraktiUzon.swift; sourceTree = "<group>"; };
		0049F3D92D552A67002ABBFE /* TraktiTrastrekitan.swift */ = {isa = PBXFileReference; lastKnownFileType = sourcecode.swift; path = TraktiTrastrekitan.swift; sourceTree = "<group>"; };
		0049F3DB2D552A87002ABBFE /* TraktiTildon.swift */ = {isa = PBXFileReference; lastKnownFileType = sourcecode.swift; path = TraktiTildon.swift; sourceTree = "<group>"; };
		0049F3DD2D552A9C002ABBFE /* TraktiSencReferencon.swift */ = {isa = PBXFileReference; lastKnownFileType = sourcecode.swift; path = TraktiSencReferencon.swift; sourceTree = "<group>"; };
		0049F3DF2D552AB9002ABBFE /* TraktiListReferencon.swift */ = {isa = PBXFileReference; lastKnownFileType = sourcecode.swift; path = TraktiListReferencon.swift; sourceTree = "<group>"; };
		0049F3E12D552ACE002ABBFE /* TraktiReferencGrupon.swift */ = {isa = PBXFileReference; lastKnownFileType = sourcecode.swift; path = TraktiReferencGrupon.swift; sourceTree = "<group>"; };
		0049F3E32D552AE1002ABBFE /* TraktiReferencon.swift */ = {isa = PBXFileReference; lastKnownFileType = sourcecode.swift; path = TraktiReferencon.swift; sourceTree = "<group>"; };
		0049F3E52D552AF4002ABBFE /* TraktiNacilingvan.swift */ = {isa = PBXFileReference; lastKnownFileType = sourcecode.swift; path = TraktiNacilingvan.swift; sourceTree = "<group>"; };
		0049F3E72D552B07002ABBFE /* TraktiNomon.swift */ = {isa = PBXFileReference; lastKnownFileType = sourcecode.swift; path = TraktiNomon.swift; sourceTree = "<group>"; };
		0049F3E92D552B1B002ABBFE /* TraktiAltigitan.swift */ = {isa = PBXFileReference; lastKnownFileType = sourcecode.swift; path = TraktiAltigitan.swift; sourceTree = "<group>"; };
		0049F3EB2D552B2D002ABBFE /* TraktiIndicon.swift */ = {isa = PBXFileReference; lastKnownFileType = sourcecode.swift; path = TraktiIndicon.swift; sourceTree = "<group>"; };
		0049F3ED2D552B4E002ABBFE /* TraktiFormulon.swift */ = {isa = PBXFileReference; lastKnownFileType = sourcecode.swift; path = TraktiFormulon.swift; sourceTree = "<group>"; };
		0049F3EF2D552B5E002ABBFE /* TraktiEmfazon.swift */ = {isa = PBXFileReference; lastKnownFileType = sourcecode.swift; path = TraktiEmfazon.swift; sourceTree = "<group>"; };
		0049F3F12D552B71002ABBFE /* TraktiCitilon.swift */ = {isa = PBXFileReference; lastKnownFileType = sourcecode.swift; path = TraktiCitilon.swift; sourceTree = "<group>"; };
		0049F3F32D552B80002ABBFE /* TraktiRimarkon.swift */ = {isa = PBXFileReference; lastKnownFileType = sourcecode.swift; path = TraktiRimarkon.swift; sourceTree = "<group>"; };
		0049F3F52D552B96002ABBFE /* TraktiEkzemplon.swift */ = {isa = PBXFileReference; lastKnownFileType = sourcecode.swift; path = TraktiEkzemplon.swift; sourceTree = "<group>"; };
		0049F3F72D552BA8002ABBFE /* TraktiDifinon.swift */ = {isa = PBXFileReference; lastKnownFileType = sourcecode.swift; path = TraktiDifinon.swift; sourceTree = "<group>"; };
		0049F3F92D552BBB002ABBFE /* TraktiSubsencon.swift */ = {isa = PBXFileReference; lastKnownFileType = sourcecode.swift; path = TraktiSubsencon.swift; sourceTree = "<group>"; };
		0049F3FB2D552BCE002ABBFE /* TraktiSencon.swift */ = {isa = PBXFileReference; lastKnownFileType = sourcecode.swift; path = TraktiSencon.swift; sourceTree = "<group>"; };
		0049F3FD2D552BE2002ABBFE /* TraktiSubderivajhon.swift */ = {isa = PBXFileReference; lastKnownFileType = sourcecode.swift; path = TraktiSubderivajhon.swift; sourceTree = "<group>"; };
		0049F3FF2D552BF5002ABBFE /* TraktiVortSpecon.swift */ = {isa = PBXFileReference; lastKnownFileType = sourcecode.swift; path = TraktiVortSpecon.swift; sourceTree = "<group>"; };
		0049F4012D552C0F002ABBFE /* TraktiGramatikon.swift */ = {isa = PBXFileReference; lastKnownFileType = sourcecode.swift; path = TraktiGramatikon.swift; sourceTree = "<group>"; };
		0049F4032D552C24002ABBFE /* TraktiGrasan.swift */ = {isa = PBXFileReference; lastKnownFileType = sourcecode.swift; path = TraktiGrasan.swift; sourceTree = "<group>"; };
		0049F4052D552C37002ABBFE /* TraktiDerivajhon.swift */ = {isa = PBXFileReference; lastKnownFileType = sourcecode.swift; path = TraktiDerivajhon.swift; sourceTree = "<group>"; };
		0049F4072D552C4A002ABBFE /* TraktiOficialecon.swift */ = {isa = PBXFileReference; lastKnownFileType = sourcecode.swift; path = TraktiOficialecon.swift; sourceTree = "<group>"; };
		0049F4092D552C5A002ABBFE /* TraktiRadikon.swift */ = {isa = PBXFileReference; lastKnownFileType = sourcecode.swift; path = TraktiRadikon.swift; sourceTree = "<group>"; };
		0049F40B2D552C6B002ABBFE /* TraktiVariajhon.swift */ = {isa = PBXFileReference; lastKnownFileType = sourcecode.swift; path = TraktiVariajhon.swift; sourceTree = "<group>"; };
		0049F40D2D552C7F002ABBFE /* TraktiKapon.swift */ = {isa = PBXFileReference; lastKnownFileType = sourcecode.swift; path = TraktiKapon.swift; sourceTree = "<group>"; };
		0049F40F2D552C93002ABBFE /* TraktiSubartikolon.swift */ = {isa = PBXFileReference; lastKnownFileType = sourcecode.swift; path = TraktiSubartikolon.swift; sourceTree = "<group>"; };
		0049F4112D552CA5002ABBFE /* TraktiArtikolon.swift */ = {isa = PBXFileReference; lastKnownFileType = sourcecode.swift; path = TraktiArtikolon.swift; sourceTree = "<group>"; };
		0049F4132D552CBA002ABBFE /* TraktiVortaron.swift */ = {isa = PBXFileReference; lastKnownFileType = sourcecode.swift; path = TraktiVortaron.swift; sourceTree = "<group>"; };
		0049F4152D57FE78002ABBFE /* TraktiAutoron.swift */ = {isa = PBXFileReference; lastKnownFileType = sourcecode.swift; path = TraktiAutoron.swift; sourceTree = "<group>"; };
		0049F41B2D5927E2002ABBFE /* DatumbazFariloTestoj.xctest */ = {isa = PBXFileReference; explicitFileType = wrapper.cfbundle; includeInIndex = 0; path = DatumbazFariloTestoj.xctest; sourceTree = BUILT_PRODUCTS_DIR; };
		0049F41D2D5927E2002ABBFE /* DatumbazFariloTestoj.swift */ = {isa = PBXFileReference; lastKnownFileType = sourcecode.swift; path = DatumbazFariloTestoj.swift; sourceTree = "<group>"; };
		0049F4272D592B35002ABBFE /* DatumbazFarilo.xctestplan */ = {isa = PBXFileReference; lastKnownFileType = text; path = DatumbazFarilo.xctestplan; sourceTree = "<group>"; };
		0049F4282D592B99002ABBFE /* not.xml */ = {isa = PBXFileReference; fileEncoding = 4; lastKnownFileType = text.xml; path = not.xml; sourceTree = "<group>"; };
		0049F42B2D5931CF002ABBFE /* GrundoAlJSON.swift */ = {isa = PBXFileReference; lastKnownFileType = sourcecode.swift; path = GrundoAlJSON.swift; sourceTree = "<group>"; };
		0049F4352D5939AA002ABBFE /* lingvoj.json */ = {isa = PBXFileReference; fileEncoding = 4; lastKnownFileType = text.json; path = lingvoj.json; sourceTree = "<group>"; };
		0049F4362D5939AA002ABBFE /* mallongigoj.json */ = {isa = PBXFileReference; fileEncoding = 4; lastKnownFileType = text.json; path = mallongigoj.json; sourceTree = "<group>"; };
		0049F4372D5939AA002ABBFE /* stiloj.json */ = {isa = PBXFileReference; fileEncoding = 4; lastKnownFileType = text.json; path = stiloj.json; sourceTree = "<group>"; };
		0049F4382D5939AA002ABBFE /* urloj.json */ = {isa = PBXFileReference; fileEncoding = 4; lastKnownFileType = text.json; path = urloj.json; sourceTree = "<group>"; };
		0049F4392D5939AA002ABBFE /* signoj.json */ = {isa = PBXFileReference; fileEncoding = 4; lastKnownFileType = text.json; path = signoj.json; sourceTree = "<group>"; };
		0049F43A2D5939AA002ABBFE /* fakoj.json */ = {isa = PBXFileReference; fileEncoding = 4; lastKnownFileType = text.json; path = fakoj.json; sourceTree = "<group>"; };
		00BE1AD42D24B7450027BC22 /* DatumbazFarilo */ = {isa = PBXFileReference; explicitFileType = "compiled.mach-o.executable"; includeInIndex = 0; path = DatumbazFarilo; sourceTree = BUILT_PRODUCTS_DIR; };
		00BE1AD72D24B7450027BC22 /* main.swift */ = {isa = PBXFileReference; lastKnownFileType = sourcecode.swift; path = main.swift; sourceTree = "<group>"; };
/* End PBXFileReference section */

/* Begin PBXFrameworksBuildPhase section */
		0049F4182D5927E2002ABBFE /* Frameworks */ = {
			isa = PBXFrameworksBuildPhase;
			buildActionMask = 2147483647;
			files = (
			);
			runOnlyForDeploymentPostprocessing = 0;
		};
		00BE1AD12D24B7450027BC22 /* Frameworks */ = {
			isa = PBXFrameworksBuildPhase;
			buildActionMask = 2147483647;
			files = (
				0049F3432D2F5317002ABBFE /* ReVoModelojOSX.framework in Frameworks */,
			);
			runOnlyForDeploymentPostprocessing = 0;
		};
/* End PBXFrameworksBuildPhase section */

/* Begin PBXGroup section */
		0049F3392D2F4B99002ABBFE /* GrundoAnalizado */ = {
			isa = PBXGroup;
			children = (
				0049F3A22D5154FB002ABBFE /* DTDAnalizilo.swift */,
				0049F33C2D2F4BD6002ABBFE /* LingvoAnalizilo.swift */,
				0049F34A2D302E93002ABBFE /* FakoAnalizilo.swift */,
				0049F34C2D3030B9002ABBFE /* VortarajMallongigojAnalizilo.swift */,
				0049F34E2D30316E002ABBFE /* StiloAnalizilo.swift */,
				0049F32D2D2DBDB7002ABBFE /* LiteroAnalizilo.swift */,
				0049F3502D303383002ABBFE /* Oficialecoj.swift */,
				0049F3BB2D53E27A002ABBFE /* SignoAnalizilo.swift */,
			);
			path = GrundoAnalizado;
			sourceTree = "<group>";
		};
		0049F3412D2F5317002ABBFE /* Frameworks */ = {
			isa = PBXGroup;
			children = (
				0049F3422D2F5317002ABBFE /* ReVoModelojOSX.framework */,
			);
			name = Frameworks;
			sourceTree = "<group>";
		};
		0049F3562D31F92D002ABBFE /* ArtikolAnalizado */ = {
			isa = PBXGroup;
			children = (
				0049F3A42D52A3D3002ABBFE /* Modeloj */,
				0049F3BF2D543147002ABBFE /* NodTraktado */,
				0049F3B62D52A9AB002ABBFE /* Helpiloj */,
				0049F3BD2D53EC2A002ABBFE /* Artikolaro.swift */,
				0049F3A02D43C36F002ABBFE /* Antautraktado.swift */,
				0049F3542D304BF0002ABBFE /* ArtikolKonvertilo.swift */,
				0049F3592D31F96C002ABBFE /* ArboAnalizilo.swift */,
				0049F36C2D3ED0E3002ABBFE /* Posttraktado.swift */,
			);
			path = ArtikolAnalizado;
			sourceTree = "<group>";
		};
		0049F3A42D52A3D3002ABBFE /* Modeloj */ = {
			isa = PBXGroup;
			children = (
				0049F3AF2D52A66E002ABBFE /* Fabrikoj */,
				0049F3A52D52A3FD002ABBFE /* NodTipo.swift */,
				0049F3572D31F946002ABBFE /* ArtikolNodo.swift */,
				0049F3A92D52A4B7002ABBFE /* ArtikolTraduko.swift */,
				0049F3AB2D52A561002ABBFE /* SerchTraduko.swift */,
				0049F35E2D331487002ABBFE /* TraktadoStato.swift */,
			);
			path = Modeloj;
			sourceTree = "<group>";
		};
		0049F3AF2D52A66E002ABBFE /* Fabrikoj */ = {
			isa = PBXGroup;
			children = (
				0049F3B02D52A67C002ABBFE /* SubartikoloFabriko.swift */,
				0049F3B22D52A6A2002ABBFE /* VortoFabriko.swift */,
				0049F3B42D52A6C3002ABBFE /* ArtikolFabriko.swift */,
			);
			path = Fabrikoj;
			sourceTree = "<group>";
		};
		0049F3B62D52A9AB002ABBFE /* Helpiloj */ = {
			isa = PBXGroup;
			children = (
				0049F3B72D52A9D2002ABBFE /* Interpreti.swift */,
				0049F35B2D331458002ABBFE /* TekstHeliploj.swift */,
				0049F3B92D52AE1F002ABBFE /* String+Aldonoj.swift */,
			);
			path = Helpiloj;
			sourceTree = "<group>";
		};
		0049F3BF2D543147002ABBFE /* NodTraktado */ = {
			isa = PBXGroup;
			children = (
				0049F3D12D543331002ABBFE /* TraktiEscepton.swift */,
				0049F3C42D54329B002ABBFE /* TraktiIndekson.swift */,
				0049F3C22D5431CF002ABBFE /* TraktiKlarigon.swift */,
				0049F3CD2D5432FF002ABBFE /* TraktiKomunlingvan.swift */,
				0049F3CF2D543320002ABBFE /* TraktiKursivan.swift */,
				0049F3D32D54334E002ABBFE /* TraktiMallongigon.swift */,
				0049F3D52D552A34002ABBFE /* TraktiMisstilan.swift */,
				0049F3C02D54315E002ABBFE /* TraktiPrononcon.swift */,
				0049F3DB2D552A87002ABBFE /* TraktiTildon.swift */,
				0049F3C72D5432B6002ABBFE /* TraktiTradukGrupon.swift */,
				0049F3C92D5432CE002ABBFE /* TraktiTradukon.swift */,
				0049F3D92D552A67002ABBFE /* TraktiTrastrekitan.swift */,
				0049F3CB2D5432E6002ABBFE /* TraktiURLon.swift */,
				0049F3D72D552A56002ABBFE /* TraktiUzon.swift */,
				0049F3DD2D552A9C002ABBFE /* TraktiSencReferencon.swift */,
				0049F3DF2D552AB9002ABBFE /* TraktiListReferencon.swift */,
				0049F3E12D552ACE002ABBFE /* TraktiReferencGrupon.swift */,
				0049F3E32D552AE1002ABBFE /* TraktiReferencon.swift */,
				0049F3E52D552AF4002ABBFE /* TraktiNacilingvan.swift */,
				0049F3E72D552B07002ABBFE /* TraktiNomon.swift */,
				0049F3E92D552B1B002ABBFE /* TraktiAltigitan.swift */,
				0049F3EB2D552B2D002ABBFE /* TraktiIndicon.swift */,
				0049F3ED2D552B4E002ABBFE /* TraktiFormulon.swift */,
				0049F3EF2D552B5E002ABBFE /* TraktiEmfazon.swift */,
				0049F3F12D552B71002ABBFE /* TraktiCitilon.swift */,
				0049F3F32D552B80002ABBFE /* TraktiRimarkon.swift */,
				0049F3F52D552B96002ABBFE /* TraktiEkzemplon.swift */,
				0049F3F72D552BA8002ABBFE /* TraktiDifinon.swift */,
				0049F3F92D552BBB002ABBFE /* TraktiSubsencon.swift */,
				0049F3FB2D552BCE002ABBFE /* TraktiSencon.swift */,
				0049F3FD2D552BE2002ABBFE /* TraktiSubderivajhon.swift */,
				0049F3FF2D552BF5002ABBFE /* TraktiVortSpecon.swift */,
				0049F4012D552C0F002ABBFE /* TraktiGramatikon.swift */,
				0049F4032D552C24002ABBFE /* TraktiGrasan.swift */,
				0049F4052D552C37002ABBFE /* TraktiDerivajhon.swift */,
				0049F4072D552C4A002ABBFE /* TraktiOficialecon.swift */,
				0049F4092D552C5A002ABBFE /* TraktiRadikon.swift */,
				0049F40B2D552C6B002ABBFE /* TraktiVariajhon.swift */,
				0049F40D2D552C7F002ABBFE /* TraktiKapon.swift */,
				0049F40F2D552C93002ABBFE /* TraktiSubartikolon.swift */,
				0049F4112D552CA5002ABBFE /* TraktiArtikolon.swift */,
				0049F4132D552CBA002ABBFE /* TraktiVortaron.swift */,
				0049F4152D57FE78002ABBFE /* TraktiAutoron.swift */,
			);
			path = NodTraktado;
			sourceTree = "<group>";
		};
		0049F41C2D5927E2002ABBFE /* DatumbazFariloTestoj */ = {
			isa = PBXGroup;
			children = (
				0049F4262D592B30002ABBFE /* TestPlanoj */,
				0049F42D2D593943002ABBFE /* Grundajhoj */,
				0049F4252D592A73002ABBFE /* XML */,
				0049F42A2D593173002ABBFE /* Modeloj+JSON */,
				0049F41D2D5927E2002ABBFE /* DatumbazFariloTestoj.swift */,
			);
			path = DatumbazFariloTestoj;
			sourceTree = "<group>";
		};
		0049F4252D592A73002ABBFE /* XML */ = {
			isa = PBXGroup;
			children = (
				0049F4282D592B99002ABBFE /* not.xml */,
			);
			path = XML;
			sourceTree = "<group>";
		};
		0049F4262D592B30002ABBFE /* TestPlanoj */ = {
			isa = PBXGroup;
			children = (
				0049F4272D592B35002ABBFE /* DatumbazFarilo.xctestplan */,
			);
			path = TestPlanoj;
			sourceTree = "<group>";
		};
		0049F42A2D593173002ABBFE /* Modeloj+JSON */ = {
			isa = PBXGroup;
			children = (
			);
			path = "Modeloj+JSON";
			sourceTree = "<group>";
		};
		0049F42D2D593943002ABBFE /* Grundajhoj */ = {
			isa = PBXGroup;
			children = (
				0049F43A2D5939AA002ABBFE /* fakoj.json */,
				0049F4352D5939AA002ABBFE /* lingvoj.json */,
				0049F4362D5939AA002ABBFE /* mallongigoj.json */,
				0049F4392D5939AA002ABBFE /* signoj.json */,
				0049F4372D5939AA002ABBFE /* stiloj.json */,
				0049F4382D5939AA002ABBFE /* urloj.json */,
			);
			path = Grundajhoj;
			sourceTree = "<group>";
		};
		00BE1ACB2D24B7450027BC22 = {
			isa = PBXGroup;
			children = (
				00BE1AD62D24B7450027BC22 /* DatumbazFarilo */,
				0049F41C2D5927E2002ABBFE /* DatumbazFariloTestoj */,
				00BE1AD52D24B7450027BC22 /* Products */,
				0049F3412D2F5317002ABBFE /* Frameworks */,
			);
			sourceTree = "<group>";
		};
		00BE1AD52D24B7450027BC22 /* Products */ = {
			isa = PBXGroup;
			children = (
				00BE1AD42D24B7450027BC22 /* DatumbazFarilo */,
				0049F41B2D5927E2002ABBFE /* DatumbazFariloTestoj.xctest */,
			);
			name = Products;
			sourceTree = "<group>";
		};
		00BE1AD62D24B7450027BC22 /* DatumbazFarilo */ = {
			isa = PBXGroup;
			children = (
				0049F3392D2F4B99002ABBFE /* GrundoAnalizado */,
				0049F3562D31F92D002ABBFE /* ArtikolAnalizado */,
				00BE1ADE2D24B7570027BC22 /* ModelAldonoj */,
				0049F3522D303970002ABBFE /* KreiDatumbazon.swift */,
				0049F3692D384D0A002ABBFE /* TekstFarilo.swift */,
				0049F3682D384D0A002ABBFE /* TrieFarilo.swift */,
				0049F42B2D5931CF002ABBFE /* GrundoAlJSON.swift */,
				00BE1AD72D24B7450027BC22 /* main.swift */,
			);
			path = DatumbazFarilo;
			sourceTree = "<group>";
		};
		00BE1ADE2D24B7570027BC22 /* ModelAldonoj */ = {
			isa = PBXGroup;
			children = (
				0049F39E2D41F450002ABBFE /* Artikolo+Printado.swift */,
			);
			path = ModelAldonoj;
			sourceTree = "<group>";
		};
/* End PBXGroup section */

/* Begin PBXNativeTarget section */
		0049F41A2D5927E2002ABBFE /* DatumbazFariloTestoj */ = {
			isa = PBXNativeTarget;
			buildConfigurationList = 0049F41F2D5927E2002ABBFE /* Build configuration list for PBXNativeTarget "DatumbazFariloTestoj" */;
			buildPhases = (
				0049F4172D5927E2002ABBFE /* Sources */,
				0049F4182D5927E2002ABBFE /* Frameworks */,
				0049F4192D5927E2002ABBFE /* Resources */,
			);
			buildRules = (
			);
			dependencies = (
			);
			name = DatumbazFariloTestoj;
			productName = DatumbazFariloTestoj;
			productReference = 0049F41B2D5927E2002ABBFE /* DatumbazFariloTestoj.xctest */;
			productType = "com.apple.product-type.bundle.unit-test";
		};
		00BE1AD32D24B7450027BC22 /* DatumbazFarilo */ = {
			isa = PBXNativeTarget;
			buildConfigurationList = 00BE1ADB2D24B7450027BC22 /* Build configuration list for PBXNativeTarget "DatumbazFarilo" */;
			buildPhases = (
				00BE1AD02D24B7450027BC22 /* Sources */,
				00BE1AD12D24B7450027BC22 /* Frameworks */,
				00BE1AD22D24B7450027BC22 /* CopyFiles */,
				0049F3452D2F5318002ABBFE /* Embed Frameworks */,
			);
			buildRules = (
			);
			dependencies = (
			);
			name = DatumbazFarilo;
			productName = DatumbazFarilo;
			productReference = 00BE1AD42D24B7450027BC22 /* DatumbazFarilo */;
			productType = "com.apple.product-type.tool";
		};
/* End PBXNativeTarget section */

/* Begin PBXProject section */
		00BE1ACC2D24B7450027BC22 /* Project object */ = {
			isa = PBXProject;
			attributes = {
				BuildIndependentTargetsInParallel = 1;
				DefaultBuildSystemTypeForWorkspace = Latest;
				LastSwiftUpdateCheck = 1540;
				LastUpgradeCheck = 1540;
				TargetAttributes = {
					0049F41A2D5927E2002ABBFE = {
						CreatedOnToolsVersion = 15.4;
					};
					00BE1AD32D24B7450027BC22 = {
						CreatedOnToolsVersion = 15.4;
					};
				};
			};
			buildConfigurationList = 00BE1ACF2D24B7450027BC22 /* Build configuration list for PBXProject "DatumbazFarilo" */;
			compatibilityVersion = "Xcode 14.0";
			developmentRegion = en;
			hasScannedForEncodings = 0;
			knownRegions = (
				en,
				Base,
			);
			mainGroup = 00BE1ACB2D24B7450027BC22;
			productRefGroup = 00BE1AD52D24B7450027BC22 /* Products */;
			projectDirPath = "";
			projectRoot = "";
			targets = (
				00BE1AD32D24B7450027BC22 /* DatumbazFarilo */,
				0049F41A2D5927E2002ABBFE /* DatumbazFariloTestoj */,
			);
		};
/* End PBXProject section */

/* Begin PBXResourcesBuildPhase section */
		0049F4192D5927E2002ABBFE /* Resources */ = {
			isa = PBXResourcesBuildPhase;
			buildActionMask = 2147483647;
			files = (
				0049F43D2D5939AA002ABBFE /* stiloj.json in Resources */,
				0049F43E2D5939AA002ABBFE /* urloj.json in Resources */,
				0049F4292D592B99002ABBFE /* not.xml in Resources */,
				0049F4402D5939AA002ABBFE /* fakoj.json in Resources */,
				0049F43F2D5939AA002ABBFE /* signoj.json in Resources */,
				0049F43C2D5939AA002ABBFE /* mallongigoj.json in Resources */,
				0049F43B2D5939AA002ABBFE /* lingvoj.json in Resources */,
			);
			runOnlyForDeploymentPostprocessing = 0;
		};
/* End PBXResourcesBuildPhase section */

/* Begin PBXSourcesBuildPhase section */
		0049F4172D5927E2002ABBFE /* Sources */ = {
			isa = PBXSourcesBuildPhase;
			buildActionMask = 2147483647;
			files = (
				0049F41E2D5927E2002ABBFE /* DatumbazFariloTestoj.swift in Sources */,
			);
			runOnlyForDeploymentPostprocessing = 0;
		};
		00BE1AD02D24B7450027BC22 /* Sources */ = {
			isa = PBXSourcesBuildPhase;
			buildActionMask = 2147483647;
			files = (
				0049F3DE2D552A9C002ABBFE /* TraktiSencReferencon.swift in Sources */,
				0049F3CC2D5432E6002ABBFE /* TraktiURLon.swift in Sources */,
				0049F4142D552CBA002ABBFE /* TraktiVortaron.swift in Sources */,
				0049F3EC2D552B2D002ABBFE /* TraktiIndicon.swift in Sources */,
				0049F3E42D552AE1002ABBFE /* TraktiReferencon.swift in Sources */,
				0049F40E2D552C7F002ABBFE /* TraktiKapon.swift in Sources */,
				0049F32E2D2DBDB7002ABBFE /* LiteroAnalizilo.swift in Sources */,
				0049F3B52D52A6C3002ABBFE /* ArtikolFabriko.swift in Sources */,
				0049F3AA2D52A4B7002ABBFE /* ArtikolTraduko.swift in Sources */,
				0049F3DA2D552A67002ABBFE /* TraktiTrastrekitan.swift in Sources */,
				0049F3512D303383002ABBFE /* Oficialecoj.swift in Sources */,
				0049F35C2D331458002ABBFE /* TekstHeliploj.swift in Sources */,
				0049F34B2D302E93002ABBFE /* FakoAnalizilo.swift in Sources */,
				0049F4162D57FE78002ABBFE /* TraktiAutoron.swift in Sources */,
				0049F40C2D552C6B002ABBFE /* TraktiVariajhon.swift in Sources */,
				0049F3D22D543331002ABBFE /* TraktiEscepton.swift in Sources */,
				0049F3582D31F946002ABBFE /* ArtikolNodo.swift in Sources */,
				0049F42C2D5931CF002ABBFE /* GrundoAlJSON.swift in Sources */,
				0049F3EA2D552B1B002ABBFE /* TraktiAltigitan.swift in Sources */,
				0049F4122D552CA5002ABBFE /* TraktiArtikolon.swift in Sources */,
				0049F3C12D54315E002ABBFE /* TraktiPrononcon.swift in Sources */,
				0049F3FE2D552BE2002ABBFE /* TraktiSubderivajhon.swift in Sources */,
				0049F3F42D552B80002ABBFE /* TraktiRimarkon.swift in Sources */,
				0049F36B2D384D0A002ABBFE /* TekstFarilo.swift in Sources */,
				0049F4102D552C93002ABBFE /* TraktiSubartikolon.swift in Sources */,
				0049F3EE2D552B4E002ABBFE /* TraktiFormulon.swift in Sources */,
				0049F3C82D5432B6002ABBFE /* TraktiTradukGrupon.swift in Sources */,
				0049F4002D552BF5002ABBFE /* TraktiVortSpecon.swift in Sources */,
				0049F3B12D52A67C002ABBFE /* SubartikoloFabriko.swift in Sources */,
				0049F39F2D41F450002ABBFE /* Artikolo+Printado.swift in Sources */,
				0049F3CA2D5432CE002ABBFE /* TraktiTradukon.swift in Sources */,
				0049F3532D303970002ABBFE /* KreiDatumbazon.swift in Sources */,
				0049F3A62D52A3FD002ABBFE /* NodTipo.swift in Sources */,
				0049F34F2D30316E002ABBFE /* StiloAnalizilo.swift in Sources */,
				0049F35F2D331487002ABBFE /* TraktadoStato.swift in Sources */,
				0049F3F02D552B5E002ABBFE /* TraktiEmfazon.swift in Sources */,
				0049F3D62D552A34002ABBFE /* TraktiMisstilan.swift in Sources */,
				0049F3D82D552A56002ABBFE /* TraktiUzon.swift in Sources */,
				0049F3B32D52A6A2002ABBFE /* VortoFabriko.swift in Sources */,
				0049F3E82D552B07002ABBFE /* TraktiNomon.swift in Sources */,
				0049F36A2D384D0A002ABBFE /* TrieFarilo.swift in Sources */,
				0049F33D2D2F4BD6002ABBFE /* LingvoAnalizilo.swift in Sources */,
				0049F4042D552C24002ABBFE /* TraktiGrasan.swift in Sources */,
				0049F3E62D552AF4002ABBFE /* TraktiNacilingvan.swift in Sources */,
				0049F35A2D31F96C002ABBFE /* ArboAnalizilo.swift in Sources */,
				0049F36D2D3ED0E3002ABBFE /* Posttraktado.swift in Sources */,
				0049F4082D552C4A002ABBFE /* TraktiOficialecon.swift in Sources */,
				0049F3F22D552B71002ABBFE /* TraktiCitilon.swift in Sources */,
				0049F3A32D5154FB002ABBFE /* DTDAnalizilo.swift in Sources */,
				0049F3B82D52A9D2002ABBFE /* Interpreti.swift in Sources */,
				0049F40A2D552C5A002ABBFE /* TraktiRadikon.swift in Sources */,
				0049F4062D552C37002ABBFE /* TraktiDerivajhon.swift in Sources */,
				0049F3552D304BF0002ABBFE /* ArtikolKonvertilo.swift in Sources */,
				0049F3BC2D53E27A002ABBFE /* SignoAnalizilo.swift in Sources */,
				0049F3AC2D52A561002ABBFE /* SerchTraduko.swift in Sources */,
				0049F3DC2D552A87002ABBFE /* TraktiTildon.swift in Sources */,
				0049F3D42D54334E002ABBFE /* TraktiMallongigon.swift in Sources */,
				0049F3E22D552ACE002ABBFE /* TraktiReferencGrupon.swift in Sources */,
				0049F4022D552C0F002ABBFE /* TraktiGramatikon.swift in Sources */,
				0049F3D02D543320002ABBFE /* TraktiKursivan.swift in Sources */,
				0049F3C52D54329B002ABBFE /* TraktiIndekson.swift in Sources */,
				00BE1AD82D24B7450027BC22 /* main.swift in Sources */,
				0049F34D2D3030B9002ABBFE /* VortarajMallongigojAnalizilo.swift in Sources */,
				0049F3FA2D552BBB002ABBFE /* TraktiSubsencon.swift in Sources */,
				0049F3BA2D52AE1F002ABBFE /* String+Aldonoj.swift in Sources */,
				0049F3A12D43C36F002ABBFE /* Antautraktado.swift in Sources */,
				0049F3BE2D53EC2A002ABBFE /* Artikolaro.swift in Sources */,
				0049F3F62D552B96002ABBFE /* TraktiEkzemplon.swift in Sources */,
				0049F3C32D5431CF002ABBFE /* TraktiKlarigon.swift in Sources */,
				0049F3F82D552BA8002ABBFE /* TraktiDifinon.swift in Sources */,
				0049F3CE2D5432FF002ABBFE /* TraktiKomunlingvan.swift in Sources */,
				0049F3FC2D552BCE002ABBFE /* TraktiSencon.swift in Sources */,
				0049F3E02D552AB9002ABBFE /* TraktiListReferencon.swift in Sources */,
			);
			runOnlyForDeploymentPostprocessing = 0;
		};
/* End PBXSourcesBuildPhase section */

/* Begin XCBuildConfiguration section */
		0049F4202D5927E2002ABBFE /* Debug */ = {
			isa = XCBuildConfiguration;
			buildSettings = {
				CODE_SIGN_STYLE = Automatic;
				CURRENT_PROJECT_VERSION = 1;
				DEVELOPMENT_TEAM = JZ3WYZWA8F;
				GENERATE_INFOPLIST_FILE = YES;
				IPHONEOS_DEPLOYMENT_TARGET = 17.5;
				MARKETING_VERSION = 1.0;
				PRODUCT_BUNDLE_IDENTIFIER = com.inthescales.DatumbazFariloTestoj;
				PRODUCT_NAME = "$(TARGET_NAME)";
				SWIFT_EMIT_LOC_STRINGS = NO;
				SWIFT_VERSION = 5.0;
				TARGETED_DEVICE_FAMILY = "1,2";
			};
			name = Debug;
		};
		0049F4212D5927E2002ABBFE /* Release */ = {
			isa = XCBuildConfiguration;
			buildSettings = {
				CODE_SIGN_STYLE = Automatic;
				CURRENT_PROJECT_VERSION = 1;
				DEVELOPMENT_TEAM = JZ3WYZWA8F;
				GENERATE_INFOPLIST_FILE = YES;
				IPHONEOS_DEPLOYMENT_TARGET = 17.5;
				MARKETING_VERSION = 1.0;
				PRODUCT_BUNDLE_IDENTIFIER = com.inthescales.DatumbazFariloTestoj;
				PRODUCT_NAME = "$(TARGET_NAME)";
				SWIFT_EMIT_LOC_STRINGS = NO;
				SWIFT_VERSION = 5.0;
				TARGETED_DEVICE_FAMILY = "1,2";
				VALIDATE_PRODUCT = YES;
			};
			name = Release;
		};
		00BE1AD92D24B7450027BC22 /* Debug */ = {
			isa = XCBuildConfiguration;
			buildSettings = {
				ALWAYS_SEARCH_USER_PATHS = NO;
				ASSETCATALOG_COMPILER_GENERATE_SWIFT_ASSET_SYMBOL_EXTENSIONS = YES;
				CLANG_ANALYZER_NONNULL = YES;
				CLANG_ANALYZER_NUMBER_OBJECT_CONVERSION = YES_AGGRESSIVE;
				CLANG_CXX_LANGUAGE_STANDARD = "gnu++20";
				CLANG_ENABLE_MODULES = YES;
				CLANG_ENABLE_OBJC_ARC = YES;
				CLANG_ENABLE_OBJC_WEAK = YES;
				CLANG_WARN_BLOCK_CAPTURE_AUTORELEASING = YES;
				CLANG_WARN_BOOL_CONVERSION = YES;
				CLANG_WARN_COMMA = YES;
				CLANG_WARN_CONSTANT_CONVERSION = YES;
				CLANG_WARN_DEPRECATED_OBJC_IMPLEMENTATIONS = YES;
				CLANG_WARN_DIRECT_OBJC_ISA_USAGE = YES_ERROR;
				CLANG_WARN_DOCUMENTATION_COMMENTS = YES;
				CLANG_WARN_EMPTY_BODY = YES;
				CLANG_WARN_ENUM_CONVERSION = YES;
				CLANG_WARN_INFINITE_RECURSION = YES;
				CLANG_WARN_INT_CONVERSION = YES;
				CLANG_WARN_NON_LITERAL_NULL_CONVERSION = YES;
				CLANG_WARN_OBJC_IMPLICIT_RETAIN_SELF = YES;
				CLANG_WARN_OBJC_LITERAL_CONVERSION = YES;
				CLANG_WARN_OBJC_ROOT_CLASS = YES_ERROR;
				CLANG_WARN_QUOTED_INCLUDE_IN_FRAMEWORK_HEADER = YES;
				CLANG_WARN_RANGE_LOOP_ANALYSIS = YES;
				CLANG_WARN_STRICT_PROTOTYPES = YES;
				CLANG_WARN_SUSPICIOUS_MOVE = YES;
				CLANG_WARN_UNGUARDED_AVAILABILITY = YES_AGGRESSIVE;
				CLANG_WARN_UNREACHABLE_CODE = YES;
				CLANG_WARN__DUPLICATE_METHOD_MATCH = YES;
				COPY_PHASE_STRIP = NO;
				DEBUG_INFORMATION_FORMAT = dwarf;
				ENABLE_STRICT_OBJC_MSGSEND = YES;
				ENABLE_TESTABILITY = YES;
				ENABLE_USER_SCRIPT_SANDBOXING = YES;
				GCC_C_LANGUAGE_STANDARD = gnu17;
				GCC_DYNAMIC_NO_PIC = NO;
				GCC_NO_COMMON_BLOCKS = YES;
				GCC_OPTIMIZATION_LEVEL = 0;
				GCC_PREPROCESSOR_DEFINITIONS = (
					"DEBUG=1",
					"$(inherited)",
				);
				GCC_WARN_64_TO_32_BIT_CONVERSION = YES;
				GCC_WARN_ABOUT_RETURN_TYPE = YES_ERROR;
				GCC_WARN_UNDECLARED_SELECTOR = YES;
				GCC_WARN_UNINITIALIZED_AUTOS = YES_AGGRESSIVE;
				GCC_WARN_UNUSED_FUNCTION = YES;
				GCC_WARN_UNUSED_VARIABLE = YES;
				LOCALIZATION_PREFERS_STRING_CATALOGS = YES;
				MACOSX_DEPLOYMENT_TARGET = 14.5;
				MTL_ENABLE_DEBUG_INFO = INCLUDE_SOURCE;
				MTL_FAST_MATH = YES;
				ONLY_ACTIVE_ARCH = YES;
				SDKROOT = macosx;
				SWIFT_ACTIVE_COMPILATION_CONDITIONS = "DEBUG $(inherited)";
				SWIFT_OPTIMIZATION_LEVEL = "-Onone";
			};
			name = Debug;
		};
		00BE1ADA2D24B7450027BC22 /* Release */ = {
			isa = XCBuildConfiguration;
			buildSettings = {
				ALWAYS_SEARCH_USER_PATHS = NO;
				ASSETCATALOG_COMPILER_GENERATE_SWIFT_ASSET_SYMBOL_EXTENSIONS = YES;
				CLANG_ANALYZER_NONNULL = YES;
				CLANG_ANALYZER_NUMBER_OBJECT_CONVERSION = YES_AGGRESSIVE;
				CLANG_CXX_LANGUAGE_STANDARD = "gnu++20";
				CLANG_ENABLE_MODULES = YES;
				CLANG_ENABLE_OBJC_ARC = YES;
				CLANG_ENABLE_OBJC_WEAK = YES;
				CLANG_WARN_BLOCK_CAPTURE_AUTORELEASING = YES;
				CLANG_WARN_BOOL_CONVERSION = YES;
				CLANG_WARN_COMMA = YES;
				CLANG_WARN_CONSTANT_CONVERSION = YES;
				CLANG_WARN_DEPRECATED_OBJC_IMPLEMENTATIONS = YES;
				CLANG_WARN_DIRECT_OBJC_ISA_USAGE = YES_ERROR;
				CLANG_WARN_DOCUMENTATION_COMMENTS = YES;
				CLANG_WARN_EMPTY_BODY = YES;
				CLANG_WARN_ENUM_CONVERSION = YES;
				CLANG_WARN_INFINITE_RECURSION = YES;
				CLANG_WARN_INT_CONVERSION = YES;
				CLANG_WARN_NON_LITERAL_NULL_CONVERSION = YES;
				CLANG_WARN_OBJC_IMPLICIT_RETAIN_SELF = YES;
				CLANG_WARN_OBJC_LITERAL_CONVERSION = YES;
				CLANG_WARN_OBJC_ROOT_CLASS = YES_ERROR;
				CLANG_WARN_QUOTED_INCLUDE_IN_FRAMEWORK_HEADER = YES;
				CLANG_WARN_RANGE_LOOP_ANALYSIS = YES;
				CLANG_WARN_STRICT_PROTOTYPES = YES;
				CLANG_WARN_SUSPICIOUS_MOVE = YES;
				CLANG_WARN_UNGUARDED_AVAILABILITY = YES_AGGRESSIVE;
				CLANG_WARN_UNREACHABLE_CODE = YES;
				CLANG_WARN__DUPLICATE_METHOD_MATCH = YES;
				COPY_PHASE_STRIP = NO;
				DEBUG_INFORMATION_FORMAT = "dwarf-with-dsym";
				ENABLE_NS_ASSERTIONS = NO;
				ENABLE_STRICT_OBJC_MSGSEND = YES;
				ENABLE_USER_SCRIPT_SANDBOXING = YES;
				GCC_C_LANGUAGE_STANDARD = gnu17;
				GCC_NO_COMMON_BLOCKS = YES;
				GCC_WARN_64_TO_32_BIT_CONVERSION = YES;
				GCC_WARN_ABOUT_RETURN_TYPE = YES_ERROR;
				GCC_WARN_UNDECLARED_SELECTOR = YES;
				GCC_WARN_UNINITIALIZED_AUTOS = YES_AGGRESSIVE;
				GCC_WARN_UNUSED_FUNCTION = YES;
				GCC_WARN_UNUSED_VARIABLE = YES;
				LOCALIZATION_PREFERS_STRING_CATALOGS = YES;
				MACOSX_DEPLOYMENT_TARGET = 14.5;
				MTL_ENABLE_DEBUG_INFO = NO;
				MTL_FAST_MATH = YES;
				SDKROOT = macosx;
				SWIFT_COMPILATION_MODE = wholemodule;
			};
			name = Release;
		};
		00BE1ADC2D24B7450027BC22 /* Debug */ = {
			isa = XCBuildConfiguration;
			buildSettings = {
				"CODE_SIGN_IDENTITY[sdk=macosx*]" = "Apple Development";
				CODE_SIGN_STYLE = Automatic;
				DEVELOPMENT_TEAM = JZ3WYZWA8F;
				ENABLE_HARDENED_RUNTIME = YES;
				PRODUCT_BUNDLE_IDENTIFIER = inthescales.DatumbazFarilo;
				PRODUCT_NAME = "$(TARGET_NAME)";
				SWIFT_VERSION = 5.0;
			};
			name = Debug;
		};
		00BE1ADD2D24B7450027BC22 /* Release */ = {
			isa = XCBuildConfiguration;
			buildSettings = {
				"CODE_SIGN_IDENTITY[sdk=macosx*]" = "Apple Development";
				CODE_SIGN_STYLE = Automatic;
				DEVELOPMENT_TEAM = JZ3WYZWA8F;
				ENABLE_HARDENED_RUNTIME = YES;
				PRODUCT_BUNDLE_IDENTIFIER = inthescales.DatumbazFarilo;
				PRODUCT_NAME = "$(TARGET_NAME)";
				SWIFT_VERSION = 5.0;
			};
			name = Release;
		};
/* End XCBuildConfiguration section */

/* Begin XCConfigurationList section */
		0049F41F2D5927E2002ABBFE /* Build configuration list for PBXNativeTarget "DatumbazFariloTestoj" */ = {
			isa = XCConfigurationList;
			buildConfigurations = (
				0049F4202D5927E2002ABBFE /* Debug */,
				0049F4212D5927E2002ABBFE /* Release */,
			);
			defaultConfigurationIsVisible = 0;
			defaultConfigurationName = Release;
		};
		00BE1ACF2D24B7450027BC22 /* Build configuration list for PBXProject "DatumbazFarilo" */ = {
			isa = XCConfigurationList;
			buildConfigurations = (
				00BE1AD92D24B7450027BC22 /* Debug */,
				00BE1ADA2D24B7450027BC22 /* Release */,
			);
			defaultConfigurationIsVisible = 0;
			defaultConfigurationName = Release;
		};
		00BE1ADB2D24B7450027BC22 /* Build configuration list for PBXNativeTarget "DatumbazFarilo" */ = {
			isa = XCConfigurationList;
			buildConfigurations = (
				00BE1ADC2D24B7450027BC22 /* Debug */,
				00BE1ADD2D24B7450027BC22 /* Release */,
			);
			defaultConfigurationIsVisible = 0;
			defaultConfigurationName = Release;
		};
/* End XCConfigurationList section */
	};
	rootObject = 00BE1ACC2D24B7450027BC22 /* Project object */;
}
