// !$*UTF8*$!
{
	archiveVersion = 1;
	classes = {
	};
	objectVersion = 56;
	objects = {

/* Begin PBXBuildFile section */
		000DA6D82D8F31CF0026CBA0 /* AppDelegate.swift in Sources */ = {isa = PBXBuildFile; fileRef = 000DA6D72D8F31CF0026CBA0 /* AppDelegate.swift */; };
		000DA6EC2D8F32360026CBA0 /* HejmaViewController.swift in Sources */ = {isa = PBXBuildFile; fileRef = 000DA6EB2D8F32360026CBA0 /* HejmaViewController.swift */; };
		000DA6EF2D8F33740026CBA0 /* ReVoDatumbazo.framework in Frameworks */ = {isa = PBXBuildFile; fileRef = 000DA6EE2D8F33740026CBA0 /* ReVoDatumbazo.framework */; };
		000DA6F02D8F33740026CBA0 /* ReVoDatumbazo.framework in Embed Frameworks */ = {isa = PBXBuildFile; fileRef = 000DA6EE2D8F33740026CBA0 /* ReVoDatumbazo.framework */; settings = {ATTRIBUTES = (CodeSignOnCopy, RemoveHeadersOnCopy, ); }; };
		000DA6F52D8F35FE0026CBA0 /* Assets.xcassets in Resources */ = {isa = PBXBuildFile; fileRef = 000DA6F42D8F35FE0026CBA0 /* Assets.xcassets */; };
		000DA6F72D9068660026CBA0 /* AparatoHelpiloj.swift in Sources */ = {isa = PBXBuildFile; fileRef = 000DA6F62D9068660026CBA0 /* AparatoHelpiloj.swift */; };
		000DA6F92D906C6E0026CBA0 /* Stilo.swift in Sources */ = {isa = PBXBuildFile; fileRef = 000DA6F82D906C6E0026CBA0 /* Stilo.swift */; };
		000DA6FB2D90898C0026CBA0 /* SerchiloView.swift in Sources */ = {isa = PBXBuildFile; fileRef = 000DA6FA2D90898C0026CBA0 /* SerchiloView.swift */; };
		000DA6FD2D908F680026CBA0 /* ChefaNavigationController.swift in Sources */ = {isa = PBXBuildFile; fileRef = 000DA6FC2D908F680026CBA0 /* ChefaNavigationController.swift */; };
		DAC6FB29A6223A52E87C0D6B /* Pods_PoshReVo2.framework in Frameworks */ = {isa = PBXBuildFile; fileRef = 136D05258CA807B51017FB1D /* Pods_PoshReVo2.framework */; };
/* End PBXBuildFile section */

/* Begin PBXCopyFilesBuildPhase section */
		000DA6F12D8F33740026CBA0 /* Embed Frameworks */ = {
			isa = PBXCopyFilesBuildPhase;
			buildActionMask = 2147483647;
			dstPath = "";
			dstSubfolderSpec = 10;
			files = (
				000DA6F02D8F33740026CBA0 /* ReVoDatumbazo.framework in Embed Frameworks */,
			);
			name = "Embed Frameworks";
			runOnlyForDeploymentPostprocessing = 0;
		};
/* End PBXCopyFilesBuildPhase section */

/* Begin PBXFileReference section */
		000DA6D42D8F31CF0026CBA0 /* PoshReVo2.app */ = {isa = PBXFileReference; explicitFileType = wrapper.application; includeInIndex = 0; path = PoshReVo2.app; sourceTree = BUILT_PRODUCTS_DIR; };
		000DA6D72D8F31CF0026CBA0 /* AppDelegate.swift */ = {isa = PBXFileReference; lastKnownFileType = sourcecode.swift; path = AppDelegate.swift; sourceTree = "<group>"; };
		000DA6EB2D8F32360026CBA0 /* HejmaViewController.swift */ = {isa = PBXFileReference; lastKnownFileType = sourcecode.swift; path = HejmaViewController.swift; sourceTree = "<group>"; };
		000DA6EE2D8F33740026CBA0 /* ReVoDatumbazo.framework */ = {isa = PBXFileReference; explicitFileType = wrapper.framework; path = ReVoDatumbazo.framework; sourceTree = BUILT_PRODUCTS_DIR; };
		000DA6F42D8F35FE0026CBA0 /* Assets.xcassets */ = {isa = PBXFileReference; lastKnownFileType = folder.assetcatalog; path = Assets.xcassets; sourceTree = "<group>"; };
		000DA6F62D9068660026CBA0 /* AparatoHelpiloj.swift */ = {isa = PBXFileReference; lastKnownFileType = sourcecode.swift; path = AparatoHelpiloj.swift; sourceTree = "<group>"; };
		000DA6F82D906C6E0026CBA0 /* Stilo.swift */ = {isa = PBXFileReference; lastKnownFileType = sourcecode.swift; path = Stilo.swift; sourceTree = "<group>"; };
		000DA6FA2D90898C0026CBA0 /* SerchiloView.swift */ = {isa = PBXFileReference; lastKnownFileType = sourcecode.swift; path = SerchiloView.swift; sourceTree = "<group>"; };
		000DA6FC2D908F680026CBA0 /* ChefaNavigationController.swift */ = {isa = PBXFileReference; lastKnownFileType = sourcecode.swift; path = ChefaNavigationController.swift; sourceTree = "<group>"; };
		136D05258CA807B51017FB1D /* Pods_PoshReVo2.framework */ = {isa = PBXFileReference; explicitFileType = wrapper.framework; includeInIndex = 0; path = Pods_PoshReVo2.framework; sourceTree = BUILT_PRODUCTS_DIR; };
		76CBCEF6EAFADBA8ECC8129D /* Pods-PoshReVo2.debug.xcconfig */ = {isa = PBXFileReference; includeInIndex = 1; lastKnownFileType = text.xcconfig; name = "Pods-PoshReVo2.debug.xcconfig"; path = "Target Support Files/Pods-PoshReVo2/Pods-PoshReVo2.debug.xcconfig"; sourceTree = "<group>"; };
		A8F83BA8D6BA23C75F5EA229 /* Pods-PoshReVo2.release.xcconfig */ = {isa = PBXFileReference; includeInIndex = 1; lastKnownFileType = text.xcconfig; name = "Pods-PoshReVo2.release.xcconfig"; path = "Target Support Files/Pods-PoshReVo2/Pods-PoshReVo2.release.xcconfig"; sourceTree = "<group>"; };
/* End PBXFileReference section */

/* Begin PBXFrameworksBuildPhase section */
		000DA6D12D8F31CF0026CBA0 /* Frameworks */ = {
			isa = PBXFrameworksBuildPhase;
			buildActionMask = 2147483647;
			files = (
				000DA6EF2D8F33740026CBA0 /* ReVoDatumbazo.framework in Frameworks */,
				DAC6FB29A6223A52E87C0D6B /* Pods_PoshReVo2.framework in Frameworks */,
			);
			runOnlyForDeploymentPostprocessing = 0;
		};
/* End PBXFrameworksBuildPhase section */

/* Begin PBXGroup section */
		000DA6CB2D8F31CF0026CBA0 = {
			isa = PBXGroup;
			children = (
				000DA6D62D8F31CF0026CBA0 /* PoshReVo2 */,
				000DA6D52D8F31CF0026CBA0 /* Products */,
				000DA6ED2D8F33740026CBA0 /* Frameworks */,
				90F3C80E6330F4395B924C94 /* Pods */,
			);
			sourceTree = "<group>";
		};
		000DA6D52D8F31CF0026CBA0 /* Products */ = {
			isa = PBXGroup;
			children = (
				000DA6D42D8F31CF0026CBA0 /* PoshReVo2.app */,
			);
			name = Products;
			sourceTree = "<group>";
		};
		000DA6D62D8F31CF0026CBA0 /* PoshReVo2 */ = {
			isa = PBXGroup;
			children = (
				000DA6D72D8F31CF0026CBA0 /* AppDelegate.swift */,
				000DA6EB2D8F32360026CBA0 /* HejmaViewController.swift */,
				000DA6F62D9068660026CBA0 /* AparatoHelpiloj.swift */,
				000DA6FC2D908F680026CBA0 /* ChefaNavigationController.swift */,
				000DA6F82D906C6E0026CBA0 /* Stilo.swift */,
				000DA6FA2D90898C0026CBA0 /* SerchiloView.swift */,
				000DA6F42D8F35FE0026CBA0 /* Assets.xcassets */,
			);
			path = PoshReVo2;
			sourceTree = "<group>";
		};
		000DA6ED2D8F33740026CBA0 /* Frameworks */ = {
			isa = PBXGroup;
			children = (
				000DA6EE2D8F33740026CBA0 /* ReVoDatumbazo.framework */,
				136D05258CA807B51017FB1D /* Pods_PoshReVo2.framework */,
			);
			name = Frameworks;
			sourceTree = "<group>";
		};
		90F3C80E6330F4395B924C94 /* Pods */ = {
			isa = PBXGroup;
			children = (
				76CBCEF6EAFADBA8ECC8129D /* Pods-PoshReVo2.debug.xcconfig */,
				A8F83BA8D6BA23C75F5EA229 /* Pods-PoshReVo2.release.xcconfig */,
			);
			path = Pods;
			sourceTree = "<group>";
		};
/* End PBXGroup section */

/* Begin PBXNativeTarget section */
		000DA6D32D8F31CF0026CBA0 /* PoshReVo2 */ = {
			isa = PBXNativeTarget;
			buildConfigurationList = 000DA6E22D8F31D10026CBA0 /* Build configuration list for PBXNativeTarget "PoshReVo2" */;
			buildPhases = (
				17D2CA4DB9F876E8E22E58A2 /* [CP] Check Pods Manifest.lock */,
				000DA6D02D8F31CF0026CBA0 /* Sources */,
				000DA6D12D8F31CF0026CBA0 /* Frameworks */,
				000DA6D22D8F31CF0026CBA0 /* Resources */,
				000DA6F12D8F33740026CBA0 /* Embed Frameworks */,
				BA1C72EEFEC023138B6C98B4 /* [CP] Embed Pods Frameworks */,
			);
			buildRules = (
			);
			dependencies = (
			);
			name = PoshReVo2;
			productName = PoshReVo2;
			productReference = 000DA6D42D8F31CF0026CBA0 /* PoshReVo2.app */;
			productType = "com.apple.product-type.application";
		};
/* End PBXNativeTarget section */

/* Begin PBXProject section */
		000DA6CC2D8F31CF0026CBA0 /* Project object */ = {
			isa = PBXProject;
			attributes = {
				BuildIndependentTargetsInParallel = 1;
				DefaultBuildSystemTypeForWorkspace = Latest;
				LastSwiftUpdateCheck = 1540;
				LastUpgradeCheck = 1540;
				TargetAttributes = {
					000DA6D32D8F31CF0026CBA0 = {
						CreatedOnToolsVersion = 15.4;
					};
				};
			};
			buildConfigurationList = 000DA6CF2D8F31CF0026CBA0 /* Build configuration list for PBXProject "PoshReVo2" */;
			compatibilityVersion = "Xcode 14.0";
			developmentRegion = en;
			hasScannedForEncodings = 0;
			knownRegions = (
				en,
				Base,
			);
			mainGroup = 000DA6CB2D8F31CF0026CBA0;
			productRefGroup = 000DA6D52D8F31CF0026CBA0 /* Products */;
			projectDirPath = "";
			projectRoot = "";
			targets = (
				000DA6D32D8F31CF0026CBA0 /* PoshReVo2 */,
			);
		};
/* End PBXProject section */

/* Begin PBXResourcesBuildPhase section */
		000DA6D22D8F31CF0026CBA0 /* Resources */ = {
			isa = PBXResourcesBuildPhase;
			buildActionMask = 2147483647;
			files = (
				000DA6F52D8F35FE0026CBA0 /* Assets.xcassets in Resources */,
			);
			runOnlyForDeploymentPostprocessing = 0;
		};
/* End PBXResourcesBuildPhase section */

/* Begin PBXShellScriptBuildPhase section */
		17D2CA4DB9F876E8E22E58A2 /* [CP] Check Pods Manifest.lock */ = {
			isa = PBXShellScriptBuildPhase;
			buildActionMask = 2147483647;
			files = (
			);
			inputFileListPaths = (
			);
			inputPaths = (
				"${PODS_PODFILE_DIR_PATH}/Podfile.lock",
				"${PODS_ROOT}/Manifest.lock",
			);
			name = "[CP] Check Pods Manifest.lock";
			outputFileListPaths = (
			);
			outputPaths = (
				"$(DERIVED_FILE_DIR)/Pods-PoshReVo2-checkManifestLockResult.txt",
			);
			runOnlyForDeploymentPostprocessing = 0;
			shellPath = /bin/sh;
			shellScript = "diff \"${PODS_PODFILE_DIR_PATH}/Podfile.lock\" \"${PODS_ROOT}/Manifest.lock\" > /dev/null\nif [ $? != 0 ] ; then\n    # print error to STDERR\n    echo \"error: The sandbox is not in sync with the Podfile.lock. Run 'pod install' or update your CocoaPods installation.\" >&2\n    exit 1\nfi\n# This output is used by Xcode 'outputs' to avoid re-running this script phase.\necho \"SUCCESS\" > \"${SCRIPT_OUTPUT_FILE_0}\"\n";
			showEnvVarsInLog = 0;
		};
		BA1C72EEFEC023138B6C98B4 /* [CP] Embed Pods Frameworks */ = {
			isa = PBXShellScriptBuildPhase;
			buildActionMask = 2147483647;
			files = (
			);
			inputFileListPaths = (
				"${PODS_ROOT}/Target Support Files/Pods-PoshReVo2/Pods-PoshReVo2-frameworks-${CONFIGURATION}-input-files.xcfilelist",
			);
			name = "[CP] Embed Pods Frameworks";
			outputFileListPaths = (
				"${PODS_ROOT}/Target Support Files/Pods-PoshReVo2/Pods-PoshReVo2-frameworks-${CONFIGURATION}-output-files.xcfilelist",
			);
			runOnlyForDeploymentPostprocessing = 0;
			shellPath = /bin/sh;
			shellScript = "\"${PODS_ROOT}/Target Support Files/Pods-PoshReVo2/Pods-PoshReVo2-frameworks.sh\"\n";
			showEnvVarsInLog = 0;
		};
/* End PBXShellScriptBuildPhase section */

/* Begin PBXSourcesBuildPhase section */
		000DA6D02D8F31CF0026CBA0 /* Sources */ = {
			isa = PBXSourcesBuildPhase;
			buildActionMask = 2147483647;
			files = (
				000DA6D82D8F31CF0026CBA0 /* AppDelegate.swift in Sources */,
				000DA6F92D906C6E0026CBA0 /* Stilo.swift in Sources */,
				000DA6F72D9068660026CBA0 /* AparatoHelpiloj.swift in Sources */,
				000DA6FB2D90898C0026CBA0 /* SerchiloView.swift in Sources */,
				000DA6EC2D8F32360026CBA0 /* HejmaViewController.swift in Sources */,
				000DA6FD2D908F680026CBA0 /* ChefaNavigationController.swift in Sources */,
			);
			runOnlyForDeploymentPostprocessing = 0;
		};
/* End PBXSourcesBuildPhase section */

/* Begin XCBuildConfiguration section */
		000DA6E02D8F31D10026CBA0 /* Debug */ = {
			isa = XCBuildConfiguration;
			buildSettings = {
				ALWAYS_SEARCH_USER_PATHS = NO;
				ASSETCATALOG_COMPILER_GENERATE_SWIFT_ASSET_SYMBOL_EXTENSIONS = YES;
				CLANG_ANALYZER_NONNULL = YES;
				CLANG_ANALYZER_NUMBER_OBJECT_CONVERSION = YES_AGGRESSIVE;
				CLANG_CXX_LANGUAGE_STANDARD = "gnu++20";
				CLANG_ENABLE_MODULES = YES;
				CLANG_ENABLE_OBJC_ARC = YES;
				CLANG_ENABLE_OBJC_WEAK = YES;
				CLANG_WARN_BLOCK_CAPTURE_AUTORELEASING = YES;
				CLANG_WARN_BOOL_CONVERSION = YES;
				CLANG_WARN_COMMA = YES;
				CLANG_WARN_CONSTANT_CONVERSION = YES;
				CLANG_WARN_DEPRECATED_OBJC_IMPLEMENTATIONS = YES;
				CLANG_WARN_DIRECT_OBJC_ISA_USAGE = YES_ERROR;
				CLANG_WARN_DOCUMENTATION_COMMENTS = YES;
				CLANG_WARN_EMPTY_BODY = YES;
				CLANG_WARN_ENUM_CONVERSION = YES;
				CLANG_WARN_INFINITE_RECURSION = YES;
				CLANG_WARN_INT_CONVERSION = YES;
				CLANG_WARN_NON_LITERAL_NULL_CONVERSION = YES;
				CLANG_WARN_OBJC_IMPLICIT_RETAIN_SELF = YES;
				CLANG_WARN_OBJC_LITERAL_CONVERSION = YES;
				CLANG_WARN_OBJC_ROOT_CLASS = YES_ERROR;
				CLANG_WARN_QUOTED_INCLUDE_IN_FRAMEWORK_HEADER = YES;
				CLANG_WARN_RANGE_LOOP_ANALYSIS = YES;
				CLANG_WARN_STRICT_PROTOTYPES = YES;
				CLANG_WARN_SUSPICIOUS_MOVE = YES;
				CLANG_WARN_UNGUARDED_AVAILABILITY = YES_AGGRESSIVE;
				CLANG_WARN_UNREACHABLE_CODE = YES;
				CLANG_WARN__DUPLICATE_METHOD_MATCH = YES;
				COPY_PHASE_STRIP = NO;
				DEBUG_INFORMATION_FORMAT = dwarf;
				ENABLE_STRICT_OBJC_MSGSEND = YES;
				ENABLE_TESTABILITY = YES;
				ENABLE_USER_SCRIPT_SANDBOXING = YES;
				GCC_C_LANGUAGE_STANDARD = gnu17;
				GCC_DYNAMIC_NO_PIC = NO;
				GCC_NO_COMMON_BLOCKS = YES;
				GCC_OPTIMIZATION_LEVEL = 0;
				GCC_PREPROCESSOR_DEFINITIONS = (
					"DEBUG=1",
					"$(inherited)",
				);
				GCC_WARN_64_TO_32_BIT_CONVERSION = YES;
				GCC_WARN_ABOUT_RETURN_TYPE = YES_ERROR;
				GCC_WARN_UNDECLARED_SELECTOR = YES;
				GCC_WARN_UNINITIALIZED_AUTOS = YES_AGGRESSIVE;
				GCC_WARN_UNUSED_FUNCTION = YES;
				GCC_WARN_UNUSED_VARIABLE = YES;
				IPHONEOS_DEPLOYMENT_TARGET = 17.5;
				LOCALIZATION_PREFERS_STRING_CATALOGS = YES;
				MTL_ENABLE_DEBUG_INFO = INCLUDE_SOURCE;
				MTL_FAST_MATH = YES;
				ONLY_ACTIVE_ARCH = YES;
				SDKROOT = iphoneos;
				SWIFT_ACTIVE_COMPILATION_CONDITIONS = "DEBUG $(inherited)";
				SWIFT_OPTIMIZATION_LEVEL = "-Onone";
			};
			name = Debug;
		};
		000DA6E12D8F31D10026CBA0 /* Release */ = {
			isa = XCBuildConfiguration;
			buildSettings = {
				ALWAYS_SEARCH_USER_PATHS = NO;
				ASSETCATALOG_COMPILER_GENERATE_SWIFT_ASSET_SYMBOL_EXTENSIONS = YES;
				CLANG_ANALYZER_NONNULL = YES;
				CLANG_ANALYZER_NUMBER_OBJECT_CONVERSION = YES_AGGRESSIVE;
				CLANG_CXX_LANGUAGE_STANDARD = "gnu++20";
				CLANG_ENABLE_MODULES = YES;
				CLANG_ENABLE_OBJC_ARC = YES;
				CLANG_ENABLE_OBJC_WEAK = YES;
				CLANG_WARN_BLOCK_CAPTURE_AUTORELEASING = YES;
				CLANG_WARN_BOOL_CONVERSION = YES;
				CLANG_WARN_COMMA = YES;
				CLANG_WARN_CONSTANT_CONVERSION = YES;
				CLANG_WARN_DEPRECATED_OBJC_IMPLEMENTATIONS = YES;
				CLANG_WARN_DIRECT_OBJC_ISA_USAGE = YES_ERROR;
				CLANG_WARN_DOCUMENTATION_COMMENTS = YES;
				CLANG_WARN_EMPTY_BODY = YES;
				CLANG_WARN_ENUM_CONVERSION = YES;
				CLANG_WARN_INFINITE_RECURSION = YES;
				CLANG_WARN_INT_CONVERSION = YES;
				CLANG_WARN_NON_LITERAL_NULL_CONVERSION = YES;
				CLANG_WARN_OBJC_IMPLICIT_RETAIN_SELF = YES;
				CLANG_WARN_OBJC_LITERAL_CONVERSION = YES;
				CLANG_WARN_OBJC_ROOT_CLASS = YES_ERROR;
				CLANG_WARN_QUOTED_INCLUDE_IN_FRAMEWORK_HEADER = YES;
				CLANG_WARN_RANGE_LOOP_ANALYSIS = YES;
				CLANG_WARN_STRICT_PROTOTYPES = YES;
				CLANG_WARN_SUSPICIOUS_MOVE = YES;
				CLANG_WARN_UNGUARDED_AVAILABILITY = YES_AGGRESSIVE;
				CLANG_WARN_UNREACHABLE_CODE = YES;
				CLANG_WARN__DUPLICATE_METHOD_MATCH = YES;
				COPY_PHASE_STRIP = NO;
				DEBUG_INFORMATION_FORMAT = "dwarf-with-dsym";
				ENABLE_NS_ASSERTIONS = NO;
				ENABLE_STRICT_OBJC_MSGSEND = YES;
				ENABLE_USER_SCRIPT_SANDBOXING = YES;
				GCC_C_LANGUAGE_STANDARD = gnu17;
				GCC_NO_COMMON_BLOCKS = YES;
				GCC_WARN_64_TO_32_BIT_CONVERSION = YES;
				GCC_WARN_ABOUT_RETURN_TYPE = YES_ERROR;
				GCC_WARN_UNDECLARED_SELECTOR = YES;
				GCC_WARN_UNINITIALIZED_AUTOS = YES_AGGRESSIVE;
				GCC_WARN_UNUSED_FUNCTION = YES;
				GCC_WARN_UNUSED_VARIABLE = YES;
				IPHONEOS_DEPLOYMENT_TARGET = 17.5;
				LOCALIZATION_PREFERS_STRING_CATALOGS = YES;
				MTL_ENABLE_DEBUG_INFO = NO;
				MTL_FAST_MATH = YES;
				SDKROOT = iphoneos;
				SWIFT_COMPILATION_MODE = wholemodule;
				VALIDATE_PRODUCT = YES;
			};
			name = Release;
		};
		000DA6E32D8F31D10026CBA0 /* Debug */ = {
			isa = XCBuildConfiguration;
			baseConfigurationReference = 76CBCEF6EAFADBA8ECC8129D /* Pods-PoshReVo2.debug.xcconfig */;
			buildSettings = {
				ASSETCATALOG_COMPILER_APPICON_NAME = AppIcon;
				ASSETCATALOG_COMPILER_GLOBAL_ACCENT_COLOR_NAME = AccentColor;
				CODE_SIGN_STYLE = Automatic;
				CURRENT_PROJECT_VERSION = 1;
				DEVELOPMENT_ASSET_PATHS = "\"PoshReVo2/Assets.xcassets\"";
				DEVELOPMENT_TEAM = JZ3WYZWA8F;
				ENABLE_PREVIEWS = YES;
				ENABLE_USER_SCRIPT_SANDBOXING = NO;
				GENERATE_INFOPLIST_FILE = YES;
				INFOPLIST_KEY_CFBundleDisplayName = "PoŝReVo";
				INFOPLIST_KEY_LSApplicationCategoryType = "public.app-category.reference";
				INFOPLIST_KEY_UIApplicationSceneManifest_Generation = NO;
				INFOPLIST_KEY_UIApplicationSupportsIndirectInputEvents = YES;
				INFOPLIST_KEY_UILaunchScreen_Generation = YES;
				INFOPLIST_KEY_UISupportedInterfaceOrientations = UIInterfaceOrientationPortrait;
				INFOPLIST_KEY_UISupportedInterfaceOrientations_iPad = "UIInterfaceOrientationLandscapeLeft UIInterfaceOrientationLandscapeRight UIInterfaceOrientationPortrait UIInterfaceOrientationPortraitUpsideDown";
				INFOPLIST_KEY_UIUserInterfaceStyle = Automatic;
				IPHONEOS_DEPLOYMENT_TARGET = 13.0;
				LD_RUNPATH_SEARCH_PATHS = (
					"$(inherited)",
					"@executable_path/Frameworks",
				);
				MARKETING_VERSION = 2.0;
				PRODUCT_BUNDLE_IDENTIFIER = com.inthescales.PoshReVo2;
				PRODUCT_NAME = "$(TARGET_NAME)";
				SWIFT_EMIT_LOC_STRINGS = YES;
				SWIFT_VERSION = 5.0;
				TARGETED_DEVICE_FAMILY = "1,2";
			};
			name = Debug;
		};
		000DA6E42D8F31D10026CBA0 /* Release */ = {
			isa = XCBuildConfiguration;
			baseConfigurationReference = A8F83BA8D6BA23C75F5EA229 /* Pods-PoshReVo2.release.xcconfig */;
			buildSettings = {
				ASSETCATALOG_COMPILER_APPICON_NAME = AppIcon;
				ASSETCATALOG_COMPILER_GLOBAL_ACCENT_COLOR_NAME = AccentColor;
				CODE_SIGN_STYLE = Automatic;
				CURRENT_PROJECT_VERSION = 1;
				DEVELOPMENT_ASSET_PATHS = "\"PoshReVo2/Assets.xcassets\"";
				DEVELOPMENT_TEAM = JZ3WYZWA8F;
				ENABLE_PREVIEWS = YES;
				ENABLE_USER_SCRIPT_SANDBOXING = NO;
				GENERATE_INFOPLIST_FILE = YES;
				INFOPLIST_KEY_CFBundleDisplayName = "PoŝReVo";
				INFOPLIST_KEY_LSApplicationCategoryType = "public.app-category.reference";
				INFOPLIST_KEY_UIApplicationSceneManifest_Generation = NO;
				INFOPLIST_KEY_UIApplicationSupportsIndirectInputEvents = YES;
				INFOPLIST_KEY_UILaunchScreen_Generation = YES;
				INFOPLIST_KEY_UISupportedInterfaceOrientations = UIInterfaceOrientationPortrait;
				INFOPLIST_KEY_UISupportedInterfaceOrientations_iPad = "UIInterfaceOrientationLandscapeLeft UIInterfaceOrientationLandscapeRight UIInterfaceOrientationPortrait UIInterfaceOrientationPortraitUpsideDown";
				INFOPLIST_KEY_UIUserInterfaceStyle = Automatic;
				IPHONEOS_DEPLOYMENT_TARGET = 13.0;
				LD_RUNPATH_SEARCH_PATHS = (
					"$(inherited)",
					"@executable_path/Frameworks",
				);
				MARKETING_VERSION = 2.0;
				PRODUCT_BUNDLE_IDENTIFIER = com.inthescales.PoshReVo2;
				PRODUCT_NAME = "$(TARGET_NAME)";
				SWIFT_EMIT_LOC_STRINGS = YES;
				SWIFT_VERSION = 5.0;
				TARGETED_DEVICE_FAMILY = "1,2";
			};
			name = Release;
		};
/* End XCBuildConfiguration section */

/* Begin XCConfigurationList section */
		000DA6CF2D8F31CF0026CBA0 /* Build configuration list for PBXProject "PoshReVo2" */ = {
			isa = XCConfigurationList;
			buildConfigurations = (
				000DA6E02D8F31D10026CBA0 /* Debug */,
				000DA6E12D8F31D10026CBA0 /* Release */,
			);
			defaultConfigurationIsVisible = 0;
			defaultConfigurationName = Release;
		};
		000DA6E22D8F31D10026CBA0 /* Build configuration list for PBXNativeTarget "PoshReVo2" */ = {
			isa = XCConfigurationList;
			buildConfigurations = (
				000DA6E32D8F31D10026CBA0 /* Debug */,
				000DA6E42D8F31D10026CBA0 /* Release */,
			);
			defaultConfigurationIsVisible = 0;
			defaultConfigurationName = Release;
		};
/* End XCConfigurationList section */
	};
	rootObject = 000DA6CC2D8F31CF0026CBA0 /* Project object */;
}
